// !$*UTF8*$!
{
	archiveVersion = 1;
	classes = {
	};
	objectVersion = 46;
	objects = {

/* Begin PBXBuildFile section */
		1AC6FB21180E996B004C840B /* libcocos2d Mac.a in Frameworks */ = {isa = PBXBuildFile; fileRef = 1AC6FAF9180E9839004C840B /* libcocos2d Mac.a */; };
		1AC6FB30180E99EB004C840B /* libcocos2d iOS.a in Frameworks */ = {isa = PBXBuildFile; fileRef = 1AC6FB07180E9839004C840B /* libcocos2d iOS.a */; };
		1D60589F0D05DD5A006BFB54 /* Foundation.framework in Frameworks */ = {isa = PBXBuildFile; fileRef = 1D30AB110D05D00D00671497 /* Foundation.framework */; };
		1DF5F4E00D08C38300B7A737 /* UIKit.framework in Frameworks */ = {isa = PBXBuildFile; fileRef = 1DF5F4DF0D08C38300B7A737 /* UIKit.framework */; };
		288765A50DF7441C002DB57D /* CoreGraphics.framework in Frameworks */ = {isa = PBXBuildFile; fileRef = 288765A40DF7441C002DB57D /* CoreGraphics.framework */; };
		294D0D641D0D56D500F7F5D4 /* CoreText.framework in Frameworks */ = {isa = PBXBuildFile; fileRef = 294D0D631D0D56D500F7F5D4 /* CoreText.framework */; };
		46880B7B19C43A67006E1F66 /* CloseNormal.png in Resources */ = {isa = PBXBuildFile; fileRef = 46880B7619C43A67006E1F66 /* CloseNormal.png */; };
		46880B7C19C43A67006E1F66 /* CloseNormal.png in Resources */ = {isa = PBXBuildFile; fileRef = 46880B7619C43A67006E1F66 /* CloseNormal.png */; };
		46880B7D19C43A67006E1F66 /* CloseSelected.png in Resources */ = {isa = PBXBuildFile; fileRef = 46880B7719C43A67006E1F66 /* CloseSelected.png */; };
		46880B7E19C43A67006E1F66 /* CloseSelected.png in Resources */ = {isa = PBXBuildFile; fileRef = 46880B7719C43A67006E1F66 /* CloseSelected.png */; };
		46880B8119C43A67006E1F66 /* HelloWorld.png in Resources */ = {isa = PBXBuildFile; fileRef = 46880B7A19C43A67006E1F66 /* HelloWorld.png */; };
		46880B8219C43A67006E1F66 /* HelloWorld.png in Resources */ = {isa = PBXBuildFile; fileRef = 46880B7A19C43A67006E1F66 /* HelloWorld.png */; };
		46880B8819C43A87006E1F66 /* AppDelegate.cpp in Sources */ = {isa = PBXBuildFile; fileRef = 46880B8419C43A87006E1F66 /* AppDelegate.cpp */; };
		46880B8919C43A87006E1F66 /* AppDelegate.cpp in Sources */ = {isa = PBXBuildFile; fileRef = 46880B8419C43A87006E1F66 /* AppDelegate.cpp */; };
		503AE0F817EB97AB00D1A890 /* Icon.icns in Resources */ = {isa = PBXBuildFile; fileRef = 503AE0F617EB97AB00D1A890 /* Icon.icns */; };
		503AE10017EB989F00D1A890 /* AppController.mm in Sources */ = {isa = PBXBuildFile; fileRef = 503AE0FB17EB989F00D1A890 /* AppController.mm */; };
		503AE10117EB989F00D1A890 /* main.m in Sources */ = {isa = PBXBuildFile; fileRef = 503AE0FC17EB989F00D1A890 /* main.m */; };
		503AE10217EB989F00D1A890 /* RootViewController.mm in Sources */ = {isa = PBXBuildFile; fileRef = 503AE0FF17EB989F00D1A890 /* RootViewController.mm */; };
		503AE10517EB98FF00D1A890 /* main.cpp in Sources */ = {isa = PBXBuildFile; fileRef = 503AE10317EB98FF00D1A890 /* main.cpp */; };
		503AE11B17EB9C5A00D1A890 /* IOKit.framework in Frameworks */ = {isa = PBXBuildFile; fileRef = 503AE11A17EB9C5A00D1A890 /* IOKit.framework */; };
		5087E76317EB910900C73F5D /* Foundation.framework in Frameworks */ = {isa = PBXBuildFile; fileRef = 1D30AB110D05D00D00671497 /* Foundation.framework */; };
		5087E76717EB910900C73F5D /* libz.dylib in Frameworks */ = {isa = PBXBuildFile; fileRef = BF170DB412928DE900B8313A /* libz.dylib */; };
		5087E76817EB910900C73F5D /* QuartzCore.framework in Frameworks */ = {isa = PBXBuildFile; fileRef = BF1C47EA1293683800B63C5D /* QuartzCore.framework */; };
		5087E76917EB910900C73F5D /* OpenAL.framework in Frameworks */ = {isa = PBXBuildFile; fileRef = D44C620B132DFF330009C878 /* OpenAL.framework */; };
		5087E76A17EB910900C73F5D /* AVFoundation.framework in Frameworks */ = {isa = PBXBuildFile; fileRef = D44C620D132DFF430009C878 /* AVFoundation.framework */; };
		5087E76B17EB910900C73F5D /* AudioToolbox.framework in Frameworks */ = {isa = PBXBuildFile; fileRef = D44C620F132DFF4E0009C878 /* AudioToolbox.framework */; };
		5087E77D17EB970100C73F5D /* Default-568h@2x.png in Resources */ = {isa = PBXBuildFile; fileRef = 5087E77217EB970100C73F5D /* Default-568h@2x.png */; };
		5087E77E17EB970100C73F5D /* Default.png in Resources */ = {isa = PBXBuildFile; fileRef = 5087E77317EB970100C73F5D /* Default.png */; };
		5087E77F17EB970100C73F5D /* Default@2x.png in Resources */ = {isa = PBXBuildFile; fileRef = 5087E77417EB970100C73F5D /* Default@2x.png */; };
		5087E78017EB970100C73F5D /* Icon-114.png in Resources */ = {isa = PBXBuildFile; fileRef = 5087E77517EB970100C73F5D /* Icon-114.png */; };
		5087E78117EB970100C73F5D /* Icon-120.png in Resources */ = {isa = PBXBuildFile; fileRef = 5087E77617EB970100C73F5D /* Icon-120.png */; };
		5087E78217EB970100C73F5D /* Icon-144.png in Resources */ = {isa = PBXBuildFile; fileRef = 5087E77717EB970100C73F5D /* Icon-144.png */; };
		5087E78317EB970100C73F5D /* Icon-152.png in Resources */ = {isa = PBXBuildFile; fileRef = 5087E77817EB970100C73F5D /* Icon-152.png */; };
		5087E78417EB970100C73F5D /* Icon-57.png in Resources */ = {isa = PBXBuildFile; fileRef = 5087E77917EB970100C73F5D /* Icon-57.png */; };
		5087E78517EB970100C73F5D /* Icon-72.png in Resources */ = {isa = PBXBuildFile; fileRef = 5087E77A17EB970100C73F5D /* Icon-72.png */; };
		5087E78617EB970100C73F5D /* Icon-76.png in Resources */ = {isa = PBXBuildFile; fileRef = 5087E77B17EB970100C73F5D /* Icon-76.png */; };
		5087E78917EB974C00C73F5D /* AppKit.framework in Frameworks */ = {isa = PBXBuildFile; fileRef = 5087E78817EB974C00C73F5D /* AppKit.framework */; };
		5087E78B17EB975400C73F5D /* OpenGL.framework in Frameworks */ = {isa = PBXBuildFile; fileRef = 5087E78A17EB975400C73F5D /* OpenGL.framework */; };
		50EF629617ECD46A001EB2F8 /* Icon-40.png in Resources */ = {isa = PBXBuildFile; fileRef = 50EF629217ECD46A001EB2F8 /* Icon-40.png */; };
		50EF629717ECD46A001EB2F8 /* Icon-58.png in Resources */ = {isa = PBXBuildFile; fileRef = 50EF629317ECD46A001EB2F8 /* Icon-58.png */; };
		50EF629817ECD46A001EB2F8 /* Icon-80.png in Resources */ = {isa = PBXBuildFile; fileRef = 50EF629417ECD46A001EB2F8 /* Icon-80.png */; };
		50EF629917ECD46A001EB2F8 /* Icon-100.png in Resources */ = {isa = PBXBuildFile; fileRef = 50EF629517ECD46A001EB2F8 /* Icon-100.png */; };
		50EF62A217ECD613001EB2F8 /* Icon-29.png in Resources */ = {isa = PBXBuildFile; fileRef = 50EF62A017ECD613001EB2F8 /* Icon-29.png */; };
		50EF62A317ECD613001EB2F8 /* Icon-50.png in Resources */ = {isa = PBXBuildFile; fileRef = 50EF62A117ECD613001EB2F8 /* Icon-50.png */; };
		521A8E6419F0C34300D177D7 /* Default-667h@2x.png in Resources */ = {isa = PBXBuildFile; fileRef = 521A8E6219F0C34300D177D7 /* Default-667h@2x.png */; };
		521A8E6519F0C34300D177D7 /* Default-736h@3x.png in Resources */ = {isa = PBXBuildFile; fileRef = 521A8E6319F0C34300D177D7 /* Default-736h@3x.png */; };
		52B47A471A53D09C004E4C60 /* Security.framework in Frameworks */ = {isa = PBXBuildFile; fileRef = 52B47A461A53D09B004E4C60 /* Security.framework */; };
		8262943E1AAF051F00CB7CF7 /* Security.framework in Frameworks */ = {isa = PBXBuildFile; fileRef = 8262943D1AAF051F00CB7CF7 /* Security.framework */; };
		BF171245129291EC00B8313A /* OpenGLES.framework in Frameworks */ = {isa = PBXBuildFile; fileRef = BF170DB012928DE900B8313A /* OpenGLES.framework */; };
		BF1712471292920000B8313A /* libz.dylib in Frameworks */ = {isa = PBXBuildFile; fileRef = BF170DB412928DE900B8313A /* libz.dylib */; };
		BF1C47F01293687400B63C5D /* QuartzCore.framework in Frameworks */ = {isa = PBXBuildFile; fileRef = BF1C47EA1293683800B63C5D /* QuartzCore.framework */; };
		D44C620C132DFF330009C878 /* OpenAL.framework in Frameworks */ = {isa = PBXBuildFile; fileRef = D44C620B132DFF330009C878 /* OpenAL.framework */; };
		D44C620E132DFF430009C878 /* AVFoundation.framework in Frameworks */ = {isa = PBXBuildFile; fileRef = D44C620D132DFF430009C878 /* AVFoundation.framework */; };
		D44C6210132DFF4E0009C878 /* AudioToolbox.framework in Frameworks */ = {isa = PBXBuildFile; fileRef = D44C620F132DFF4E0009C878 /* AudioToolbox.framework */; };
		D60587801FD7BC5600D372B4 /* funapi_rpc.cpp in Sources */ = {isa = PBXBuildFile; fileRef = D605877F1FD7BC5600D372B4 /* funapi_rpc.cpp */; };
		D60587841FD7BDC800D372B4 /* fun_dedicated_server_rpc_message.pb.cc in Sources */ = {isa = PBXBuildFile; fileRef = D60587821FD7BDC800D372B4 /* fun_dedicated_server_rpc_message.pb.cc */; };
		D60587871FD7C54800D372B4 /* test_dedicated_server_rpc_messages.pb.cc in Sources */ = {isa = PBXBuildFile; fileRef = D60587851FD7C54800D372B4 /* test_dedicated_server_rpc_messages.pb.cc */; };
		D60587881FD7C56100D372B4 /* test_dedicated_server_rpc_messages.pb.cc in Sources */ = {isa = PBXBuildFile; fileRef = D60587851FD7C54800D372B4 /* test_dedicated_server_rpc_messages.pb.cc */; };
		D60587891FD7C56800D372B4 /* fun_dedicated_server_rpc_message.pb.cc in Sources */ = {isa = PBXBuildFile; fileRef = D60587821FD7BDC800D372B4 /* fun_dedicated_server_rpc_message.pb.cc */; };
		D605878A1FD7C57500D372B4 /* funapi_rpc.cpp in Sources */ = {isa = PBXBuildFile; fileRef = D605877F1FD7BC5600D372B4 /* funapi_rpc.cpp */; };
		D65713881FD63C4400D7E9AC /* libprotobuf.a in Frameworks */ = {isa = PBXBuildFile; fileRef = D65713861FD63C4400D7E9AC /* libprotobuf.a */; };
		D657138A1FD63C5000D7E9AC /* libsodium.a in Frameworks */ = {isa = PBXBuildFile; fileRef = D65713891FD63C5000D7E9AC /* libsodium.a */; };
		D657139D1FD642E300D7E9AC /* funapi_plugin_cocos2dx_Tests.mm in Sources */ = {isa = PBXBuildFile; fileRef = D657139A1FD642E300D7E9AC /* funapi_plugin_cocos2dx_Tests.mm */; };
		D657139E1FD642E300D7E9AC /* funapi_plugin_cocos2dx_inhouseTests.mm in Sources */ = {isa = PBXBuildFile; fileRef = D657139B1FD642E300D7E9AC /* funapi_plugin_cocos2dx_inhouseTests.mm */; };
		D657139F1FD642E300D7E9AC /* funapi_plugin_cocos2dx_disableTests.mm in Sources */ = {isa = PBXBuildFile; fileRef = D657139C1FD642E300D7E9AC /* funapi_plugin_cocos2dx_disableTests.mm */; };
		D65713B11FD6529100D7E9AC /* funapi_plugin_cocos2dx_disableTests.mm in Sources */ = {isa = PBXBuildFile; fileRef = D657139C1FD642E300D7E9AC /* funapi_plugin_cocos2dx_disableTests.mm */; };
		D65713B21FD6529500D7E9AC /* funapi_plugin_cocos2dx_inhouseTests.mm in Sources */ = {isa = PBXBuildFile; fileRef = D657139B1FD642E300D7E9AC /* funapi_plugin_cocos2dx_inhouseTests.mm */; };
		D65713B31FD6529800D7E9AC /* funapi_plugin_cocos2dx_Tests.mm in Sources */ = {isa = PBXBuildFile; fileRef = D657139A1FD642E300D7E9AC /* funapi_plugin_cocos2dx_Tests.mm */; };
		D6B0611B1803AB670077942B /* CoreMotion.framework in Frameworks */ = {isa = PBXBuildFile; fileRef = D6B0611A1803AB670077942B /* CoreMotion.framework */; };
		D6FF19891FD52B4E00796402 /* build_date.txt in Resources */ = {isa = PBXBuildFile; fileRef = D6FF19601FD52B4E00796402 /* build_date.txt */; };
		D6FF198A1FD52B4E00796402 /* funapi_announcement.cpp in Sources */ = {isa = PBXBuildFile; fileRef = D6FF19611FD52B4E00796402 /* funapi_announcement.cpp */; };
		D6FF198B1FD52B4E00796402 /* funapi_downloader.cpp in Sources */ = {isa = PBXBuildFile; fileRef = D6FF19641FD52B4E00796402 /* funapi_downloader.cpp */; };
		D6FF198C1FD52B4E00796402 /* funapi_encryption.cpp in Sources */ = {isa = PBXBuildFile; fileRef = D6FF19661FD52B4E00796402 /* funapi_encryption.cpp */; };
		D6FF198D1FD52B4E00796402 /* funapi_http.cpp in Sources */ = {isa = PBXBuildFile; fileRef = D6FF19691FD52B4E00796402 /* funapi_http.cpp */; };
		D6FF198E1FD52B4E00796402 /* funapi_multicasting.cpp in Sources */ = {isa = PBXBuildFile; fileRef = D6FF196B1FD52B4E00796402 /* funapi_multicasting.cpp */; };
		D6FF198F1FD52B4E00796402 /* funapi_session.cpp in Sources */ = {isa = PBXBuildFile; fileRef = D6FF196E1FD52B4E00796402 /* funapi_session.cpp */; };
		D6FF19901FD52B4E00796402 /* funapi_socket.cpp in Sources */ = {isa = PBXBuildFile; fileRef = D6FF19701FD52B4E00796402 /* funapi_socket.cpp */; };
		D6FF19911FD52B4E00796402 /* funapi_tasks.cpp in Sources */ = {isa = PBXBuildFile; fileRef = D6FF19721FD52B4E00796402 /* funapi_tasks.cpp */; };
		D6FF19921FD52B4E00796402 /* funapi_transport.cpp in Sources */ = {isa = PBXBuildFile; fileRef = D6FF19741FD52B4E00796402 /* funapi_transport.cpp */; };
		D6FF19931FD52B4E00796402 /* funapi_utils.cpp in Sources */ = {isa = PBXBuildFile; fileRef = D6FF19761FD52B4E00796402 /* funapi_utils.cpp */; };
		D6FF19941FD52B4E00796402 /* maintenance_message.pb.cc in Sources */ = {isa = PBXBuildFile; fileRef = D6FF197A1FD52B4E00796402 /* maintenance_message.pb.cc */; };
		D6FF19951FD52B4E00796402 /* fun_message.pb.cc in Sources */ = {isa = PBXBuildFile; fileRef = D6FF197D1FD52B4E00796402 /* fun_message.pb.cc */; };
		D6FF19961FD52B4E00796402 /* ping_message.pb.cc in Sources */ = {isa = PBXBuildFile; fileRef = D6FF197F1FD52B4E00796402 /* ping_message.pb.cc */; };
		D6FF19971FD52B4E00796402 /* multicast_message.pb.cc in Sources */ = {isa = PBXBuildFile; fileRef = D6FF19831FD52B4E00796402 /* multicast_message.pb.cc */; };
		D6FF19981FD52B4E00796402 /* redirect_message.pb.cc in Sources */ = {isa = PBXBuildFile; fileRef = D6FF19851FD52B4E00796402 /* redirect_message.pb.cc */; };
		D6FF19991FD52B4E00796402 /* FunapiTestScene.cpp in Sources */ = {isa = PBXBuildFile; fileRef = D6FF19871FD52B4E00796402 /* FunapiTestScene.cpp */; };
		D6FF199A1FD52B4E00796402 /* test_messages.pb.cc in Sources */ = {isa = PBXBuildFile; fileRef = D6FF19881FD52B4E00796402 /* test_messages.pb.cc */; };
		D6FF19A01FD5320900796402 /* FunapiTestScene.cpp in Sources */ = {isa = PBXBuildFile; fileRef = D6FF19871FD52B4E00796402 /* FunapiTestScene.cpp */; };
		D6FF19A11FD5320D00796402 /* test_messages.pb.cc in Sources */ = {isa = PBXBuildFile; fileRef = D6FF19881FD52B4E00796402 /* test_messages.pb.cc */; };
		D6FF19A21FD5321300796402 /* funapi_announcement.cpp in Sources */ = {isa = PBXBuildFile; fileRef = D6FF19611FD52B4E00796402 /* funapi_announcement.cpp */; };
		D6FF19A31FD5321800796402 /* funapi_downloader.cpp in Sources */ = {isa = PBXBuildFile; fileRef = D6FF19641FD52B4E00796402 /* funapi_downloader.cpp */; };
		D6FF19A41FD5321C00796402 /* funapi_encryption.cpp in Sources */ = {isa = PBXBuildFile; fileRef = D6FF19661FD52B4E00796402 /* funapi_encryption.cpp */; };
		D6FF19A51FD5322100796402 /* funapi_http.cpp in Sources */ = {isa = PBXBuildFile; fileRef = D6FF19691FD52B4E00796402 /* funapi_http.cpp */; };
		D6FF19A61FD5322400796402 /* funapi_multicasting.cpp in Sources */ = {isa = PBXBuildFile; fileRef = D6FF196B1FD52B4E00796402 /* funapi_multicasting.cpp */; };
		D6FF19A71FD5322800796402 /* funapi_session.cpp in Sources */ = {isa = PBXBuildFile; fileRef = D6FF196E1FD52B4E00796402 /* funapi_session.cpp */; };
		D6FF19A81FD5322C00796402 /* funapi_socket.cpp in Sources */ = {isa = PBXBuildFile; fileRef = D6FF19701FD52B4E00796402 /* funapi_socket.cpp */; };
		D6FF19A91FD5323000796402 /* funapi_tasks.cpp in Sources */ = {isa = PBXBuildFile; fileRef = D6FF19721FD52B4E00796402 /* funapi_tasks.cpp */; };
		D6FF19AA1FD5323300796402 /* funapi_transport.cpp in Sources */ = {isa = PBXBuildFile; fileRef = D6FF19741FD52B4E00796402 /* funapi_transport.cpp */; };
		D6FF19AB1FD5323600796402 /* funapi_utils.cpp in Sources */ = {isa = PBXBuildFile; fileRef = D6FF19761FD52B4E00796402 /* funapi_utils.cpp */; };
		D6FF19AD1FD5335F00796402 /* libprotobuf.a in Frameworks */ = {isa = PBXBuildFile; fileRef = D6FF19AC1FD5335F00796402 /* libprotobuf.a */; };
		D6FF19AF1FD5336B00796402 /* libsodium.a in Frameworks */ = {isa = PBXBuildFile; fileRef = D6FF19AE1FD5336B00796402 /* libsodium.a */; };
		D6FF19B01FD534A300796402 /* multicast_message.pb.cc in Sources */ = {isa = PBXBuildFile; fileRef = D6FF19831FD52B4E00796402 /* multicast_message.pb.cc */; };
		D6FF19B11FD534A700796402 /* redirect_message.pb.cc in Sources */ = {isa = PBXBuildFile; fileRef = D6FF19851FD52B4E00796402 /* redirect_message.pb.cc */; };
		D6FF19B21FD534B400796402 /* ping_message.pb.cc in Sources */ = {isa = PBXBuildFile; fileRef = D6FF197F1FD52B4E00796402 /* ping_message.pb.cc */; };
		D6FF19B31FD534B800796402 /* fun_message.pb.cc in Sources */ = {isa = PBXBuildFile; fileRef = D6FF197D1FD52B4E00796402 /* fun_message.pb.cc */; };
		D6FF19B41FD534BD00796402 /* maintenance_message.pb.cc in Sources */ = {isa = PBXBuildFile; fileRef = D6FF197A1FD52B4E00796402 /* maintenance_message.pb.cc */; };
		D6FF19C01FD534D800796402 /* buttonHighlighted.png in Resources */ = {isa = PBXBuildFile; fileRef = D6FF19B51FD534D700796402 /* buttonHighlighted.png */; };
		D6FF19C21FD534D800796402 /* button.png in Resources */ = {isa = PBXBuildFile; fileRef = D6FF19B71FD534D800796402 /* button.png */; };
		D6FF19C31FD534D800796402 /* check_box_normal_disable.png in Resources */ = {isa = PBXBuildFile; fileRef = D6FF19B81FD534D800796402 /* check_box_normal_disable.png */; };
		D6FF19C41FD534D800796402 /* check_box_normal.png in Resources */ = {isa = PBXBuildFile; fileRef = D6FF19B91FD534D800796402 /* check_box_normal.png */; };
		D6FF19C51FD534D800796402 /* arial.ttf in Resources */ = {isa = PBXBuildFile; fileRef = D6FF19BA1FD534D800796402 /* arial.ttf */; };
		D6FF19C61FD534D800796402 /* check_box_active_disable.png in Resources */ = {isa = PBXBuildFile; fileRef = D6FF19BB1FD534D800796402 /* check_box_active_disable.png */; };
		D6FF19C71FD534D800796402 /* edit_back.png in Resources */ = {isa = PBXBuildFile; fileRef = D6FF19BC1FD534D800796402 /* edit_back.png */; };
		D6FF19C81FD534D800796402 /* check_box_active.png in Resources */ = {isa = PBXBuildFile; fileRef = D6FF19BD1FD534D800796402 /* check_box_active.png */; };
		D6FF19C91FD534D800796402 /* check_box_normal_press.png in Resources */ = {isa = PBXBuildFile; fileRef = D6FF19BE1FD534D800796402 /* check_box_normal_press.png */; };
		D6FF19CA1FD534D800796402 /* check_box_active_press.png in Resources */ = {isa = PBXBuildFile; fileRef = D6FF19BF1FD534D800796402 /* check_box_active_press.png */; };
		D6FF19CC1FD535C000796402 /* arial.ttf in Resources */ = {isa = PBXBuildFile; fileRef = D6FF19BA1FD534D800796402 /* arial.ttf */; };
		D6FF19CD1FD535C000796402 /* button.png in Resources */ = {isa = PBXBuildFile; fileRef = D6FF19B71FD534D800796402 /* button.png */; };
		D6FF19CE1FD535C000796402 /* buttonHighlighted.png in Resources */ = {isa = PBXBuildFile; fileRef = D6FF19B51FD534D700796402 /* buttonHighlighted.png */; };
		D6FF19CF1FD535C000796402 /* check_box_active_disable.png in Resources */ = {isa = PBXBuildFile; fileRef = D6FF19BB1FD534D800796402 /* check_box_active_disable.png */; };
		D6FF19D01FD535C000796402 /* check_box_active_press.png in Resources */ = {isa = PBXBuildFile; fileRef = D6FF19BF1FD534D800796402 /* check_box_active_press.png */; };
		D6FF19D11FD535C000796402 /* check_box_active.png in Resources */ = {isa = PBXBuildFile; fileRef = D6FF19BD1FD534D800796402 /* check_box_active.png */; };
		D6FF19D21FD535C000796402 /* check_box_normal_disable.png in Resources */ = {isa = PBXBuildFile; fileRef = D6FF19B81FD534D800796402 /* check_box_normal_disable.png */; };
		D6FF19D31FD535C000796402 /* check_box_normal_press.png in Resources */ = {isa = PBXBuildFile; fileRef = D6FF19BE1FD534D800796402 /* check_box_normal_press.png */; };
		D6FF19D41FD535C000796402 /* check_box_normal.png in Resources */ = {isa = PBXBuildFile; fileRef = D6FF19B91FD534D800796402 /* check_box_normal.png */; };
		D6FF19D51FD535C000796402 /* edit_back.png in Resources */ = {isa = PBXBuildFile; fileRef = D6FF19BC1FD534D800796402 /* edit_back.png */; };
		ED545A7C1B68A1F400C3958E /* libiconv.dylib in Frameworks */ = {isa = PBXBuildFile; fileRef = ED545A7B1B68A1F400C3958E /* libiconv.dylib */; };
		ED545A7E1B68A1FA00C3958E /* libiconv.dylib in Frameworks */ = {isa = PBXBuildFile; fileRef = ED545A7D1B68A1FA00C3958E /* libiconv.dylib */; };
/* End PBXBuildFile section */

/* Begin PBXContainerItemProxy section */
		1AC6FAF8180E9839004C840B /* PBXContainerItemProxy */ = {
			isa = PBXContainerItemProxy;
			containerPortal = 1AC6FAE5180E9839004C840B /* cocos2d_libs.xcodeproj */;
			proxyType = 2;
			remoteGlobalIDString = 1551A33F158F2AB200E66CFE;
			remoteInfo = "cocos2dx Mac";
		};
		1AC6FB06180E9839004C840B /* PBXContainerItemProxy */ = {
			isa = PBXContainerItemProxy;
			containerPortal = 1AC6FAE5180E9839004C840B /* cocos2d_libs.xcodeproj */;
			proxyType = 2;
			remoteGlobalIDString = A07A4D641783777C0073F6A7;
			remoteInfo = "cocos2dx iOS";
		};
		1AC6FB15180E9959004C840B /* PBXContainerItemProxy */ = {
			isa = PBXContainerItemProxy;
			containerPortal = 1AC6FAE5180E9839004C840B /* cocos2d_libs.xcodeproj */;
			proxyType = 1;
			remoteGlobalIDString = 1551A33E158F2AB200E66CFE;
			remoteInfo = "cocos2dx Mac";
		};
		1AC6FB24180E99E1004C840B /* PBXContainerItemProxy */ = {
			isa = PBXContainerItemProxy;
			containerPortal = 1AC6FAE5180E9839004C840B /* cocos2d_libs.xcodeproj */;
			proxyType = 1;
			remoteGlobalIDString = A07A4C241783777C0073F6A7;
			remoteInfo = "cocos2dx iOS";
		};
		D65713951FD642A800D7E9AC /* PBXContainerItemProxy */ = {
			isa = PBXContainerItemProxy;
			containerPortal = 29B97313FDCFA39411CA2CEA /* Project object */;
			proxyType = 1;
			remoteGlobalIDString = 5087E73D17EB910900C73F5D;
			remoteInfo = "funapi-plugin-cocos2dx-desktop";
		};
		D65713AB1FD6526F00D7E9AC /* PBXContainerItemProxy */ = {
			isa = PBXContainerItemProxy;
			containerPortal = 29B97313FDCFA39411CA2CEA /* Project object */;
			proxyType = 1;
			remoteGlobalIDString = 1D6058900D05DD3D006BFB54;
			remoteInfo = "funapi-plugin-cocos2dx-mobile";
		};
		D6FF195B1FD52A1500796402 /* PBXContainerItemProxy */ = {
			isa = PBXContainerItemProxy;
			containerPortal = 1AC6FAE5180E9839004C840B /* cocos2d_libs.xcodeproj */;
			proxyType = 2;
			remoteGlobalIDString = 507B40FD1C31BDD30067B53E;
			remoteInfo = "libcocos2d tvOS";
		};
/* End PBXContainerItemProxy section */

/* Begin PBXFileReference section */
		1AC6FAE5180E9839004C840B /* cocos2d_libs.xcodeproj */ = {isa = PBXFileReference; lastKnownFileType = "wrapper.pb-project"; name = cocos2d_libs.xcodeproj; path = ../cocos2d/build/cocos2d_libs.xcodeproj; sourceTree = "<group>"; };
		1ACB3243164770DE00914215 /* libcurl.a */ = {isa = PBXFileReference; lastKnownFileType = archive.ar; name = libcurl.a; path = ../../cocos2dx/platform/third_party/ios/libraries/libcurl.a; sourceTree = "<group>"; };
		1D30AB110D05D00D00671497 /* Foundation.framework */ = {isa = PBXFileReference; lastKnownFileType = wrapper.framework; name = Foundation.framework; path = System/Library/Frameworks/Foundation.framework; sourceTree = SDKROOT; };
		1D6058910D05DD3D006BFB54 /* funapi-plugin-cocos2dx-mobile.app */ = {isa = PBXFileReference; explicitFileType = wrapper.application; includeInIndex = 0; path = "funapi-plugin-cocos2dx-mobile.app"; sourceTree = BUILT_PRODUCTS_DIR; };
		1DF5F4DF0D08C38300B7A737 /* UIKit.framework */ = {isa = PBXFileReference; lastKnownFileType = wrapper.framework; name = UIKit.framework; path = System/Library/Frameworks/UIKit.framework; sourceTree = SDKROOT; };
		288765A40DF7441C002DB57D /* CoreGraphics.framework */ = {isa = PBXFileReference; lastKnownFileType = wrapper.framework; name = CoreGraphics.framework; path = System/Library/Frameworks/CoreGraphics.framework; sourceTree = SDKROOT; };
		294D0D631D0D56D500F7F5D4 /* CoreText.framework */ = {isa = PBXFileReference; lastKnownFileType = wrapper.framework; name = CoreText.framework; path = Platforms/iPhoneOS.platform/Developer/SDKs/iPhoneOS.sdk/System/Library/Frameworks/CoreText.framework; sourceTree = DEVELOPER_DIR; };
		46880B7619C43A67006E1F66 /* CloseNormal.png */ = {isa = PBXFileReference; lastKnownFileType = image.png; path = CloseNormal.png; sourceTree = "<group>"; };
		46880B7719C43A67006E1F66 /* CloseSelected.png */ = {isa = PBXFileReference; lastKnownFileType = image.png; path = CloseSelected.png; sourceTree = "<group>"; };
		46880B7A19C43A67006E1F66 /* HelloWorld.png */ = {isa = PBXFileReference; lastKnownFileType = image.png; path = HelloWorld.png; sourceTree = "<group>"; };
		46880B8419C43A87006E1F66 /* AppDelegate.cpp */ = {isa = PBXFileReference; fileEncoding = 4; lastKnownFileType = sourcecode.cpp.cpp; path = AppDelegate.cpp; sourceTree = "<group>"; };
		46880B8519C43A87006E1F66 /* AppDelegate.h */ = {isa = PBXFileReference; fileEncoding = 4; lastKnownFileType = sourcecode.c.h; path = AppDelegate.h; sourceTree = "<group>"; };
		503AE0F617EB97AB00D1A890 /* Icon.icns */ = {isa = PBXFileReference; lastKnownFileType = image.icns; path = Icon.icns; sourceTree = "<group>"; };
		503AE0F717EB97AB00D1A890 /* Info.plist */ = {isa = PBXFileReference; fileEncoding = 4; lastKnownFileType = text.plist.xml; path = Info.plist; sourceTree = "<group>"; };
		503AE0FA17EB989F00D1A890 /* AppController.h */ = {isa = PBXFileReference; fileEncoding = 4; lastKnownFileType = sourcecode.c.h; name = AppController.h; path = ios/AppController.h; sourceTree = SOURCE_ROOT; };
		503AE0FB17EB989F00D1A890 /* AppController.mm */ = {isa = PBXFileReference; fileEncoding = 4; lastKnownFileType = sourcecode.cpp.objcpp; name = AppController.mm; path = ios/AppController.mm; sourceTree = SOURCE_ROOT; };
		503AE0FC17EB989F00D1A890 /* main.m */ = {isa = PBXFileReference; fileEncoding = 4; lastKnownFileType = sourcecode.c.objc; name = main.m; path = ios/main.m; sourceTree = SOURCE_ROOT; };
		503AE0FD17EB989F00D1A890 /* Prefix.pch */ = {isa = PBXFileReference; fileEncoding = 4; lastKnownFileType = sourcecode.c.h; name = Prefix.pch; path = ios/Prefix.pch; sourceTree = SOURCE_ROOT; };
		503AE0FE17EB989F00D1A890 /* RootViewController.h */ = {isa = PBXFileReference; fileEncoding = 4; lastKnownFileType = sourcecode.c.h; name = RootViewController.h; path = ios/RootViewController.h; sourceTree = SOURCE_ROOT; };
		503AE0FF17EB989F00D1A890 /* RootViewController.mm */ = {isa = PBXFileReference; fileEncoding = 4; lastKnownFileType = sourcecode.cpp.objcpp; name = RootViewController.mm; path = ios/RootViewController.mm; sourceTree = SOURCE_ROOT; };
		503AE10317EB98FF00D1A890 /* main.cpp */ = {isa = PBXFileReference; fileEncoding = 4; lastKnownFileType = sourcecode.cpp.cpp; name = main.cpp; path = mac/main.cpp; sourceTree = "<group>"; };
		503AE10417EB98FF00D1A890 /* Prefix.pch */ = {isa = PBXFileReference; fileEncoding = 4; lastKnownFileType = sourcecode.c.h; name = Prefix.pch; path = mac/Prefix.pch; sourceTree = "<group>"; };
		503AE11117EB99EE00D1A890 /* libcurl.dylib */ = {isa = PBXFileReference; lastKnownFileType = "compiled.mach-o.dylib"; name = libcurl.dylib; path = usr/lib/libcurl.dylib; sourceTree = SDKROOT; };
		503AE11A17EB9C5A00D1A890 /* IOKit.framework */ = {isa = PBXFileReference; lastKnownFileType = wrapper.framework; name = IOKit.framework; path = System/Library/Frameworks/IOKit.framework; sourceTree = SDKROOT; };
		5087E76F17EB910900C73F5D /* funapi-plugin-cocos2dx-desktop.app */ = {isa = PBXFileReference; explicitFileType = wrapper.application; includeInIndex = 0; path = "funapi-plugin-cocos2dx-desktop.app"; sourceTree = BUILT_PRODUCTS_DIR; };
		5087E77217EB970100C73F5D /* Default-568h@2x.png */ = {isa = PBXFileReference; lastKnownFileType = image.png; path = "Default-568h@2x.png"; sourceTree = "<group>"; };
		5087E77317EB970100C73F5D /* Default.png */ = {isa = PBXFileReference; lastKnownFileType = image.png; path = Default.png; sourceTree = "<group>"; };
		5087E77417EB970100C73F5D /* Default@2x.png */ = {isa = PBXFileReference; lastKnownFileType = image.png; path = "Default@2x.png"; sourceTree = "<group>"; };
		5087E77517EB970100C73F5D /* Icon-114.png */ = {isa = PBXFileReference; lastKnownFileType = image.png; path = "Icon-114.png"; sourceTree = "<group>"; };
		5087E77617EB970100C73F5D /* Icon-120.png */ = {isa = PBXFileReference; lastKnownFileType = image.png; path = "Icon-120.png"; sourceTree = "<group>"; };
		5087E77717EB970100C73F5D /* Icon-144.png */ = {isa = PBXFileReference; lastKnownFileType = image.png; path = "Icon-144.png"; sourceTree = "<group>"; };
		5087E77817EB970100C73F5D /* Icon-152.png */ = {isa = PBXFileReference; lastKnownFileType = image.png; path = "Icon-152.png"; sourceTree = "<group>"; };
		5087E77917EB970100C73F5D /* Icon-57.png */ = {isa = PBXFileReference; lastKnownFileType = image.png; path = "Icon-57.png"; sourceTree = "<group>"; };
		5087E77A17EB970100C73F5D /* Icon-72.png */ = {isa = PBXFileReference; lastKnownFileType = image.png; path = "Icon-72.png"; sourceTree = "<group>"; };
		5087E77B17EB970100C73F5D /* Icon-76.png */ = {isa = PBXFileReference; lastKnownFileType = image.png; path = "Icon-76.png"; sourceTree = "<group>"; };
		5087E77C17EB970100C73F5D /* Info.plist */ = {isa = PBXFileReference; fileEncoding = 4; lastKnownFileType = text.plist.xml; path = Info.plist; sourceTree = "<group>"; };
		5087E78817EB974C00C73F5D /* AppKit.framework */ = {isa = PBXFileReference; lastKnownFileType = wrapper.framework; name = AppKit.framework; path = System/Library/Frameworks/AppKit.framework; sourceTree = SDKROOT; };
		5087E78A17EB975400C73F5D /* OpenGL.framework */ = {isa = PBXFileReference; lastKnownFileType = wrapper.framework; name = OpenGL.framework; path = System/Library/Frameworks/OpenGL.framework; sourceTree = SDKROOT; };
		50EF629217ECD46A001EB2F8 /* Icon-40.png */ = {isa = PBXFileReference; lastKnownFileType = image.png; path = "Icon-40.png"; sourceTree = "<group>"; };
		50EF629317ECD46A001EB2F8 /* Icon-58.png */ = {isa = PBXFileReference; lastKnownFileType = image.png; path = "Icon-58.png"; sourceTree = "<group>"; };
		50EF629417ECD46A001EB2F8 /* Icon-80.png */ = {isa = PBXFileReference; lastKnownFileType = image.png; path = "Icon-80.png"; sourceTree = "<group>"; };
		50EF629517ECD46A001EB2F8 /* Icon-100.png */ = {isa = PBXFileReference; lastKnownFileType = image.png; path = "Icon-100.png"; sourceTree = "<group>"; };
		50EF62A017ECD613001EB2F8 /* Icon-29.png */ = {isa = PBXFileReference; lastKnownFileType = image.png; path = "Icon-29.png"; sourceTree = "<group>"; };
		50EF62A117ECD613001EB2F8 /* Icon-50.png */ = {isa = PBXFileReference; lastKnownFileType = image.png; path = "Icon-50.png"; sourceTree = "<group>"; };
		521A8E6219F0C34300D177D7 /* Default-667h@2x.png */ = {isa = PBXFileReference; lastKnownFileType = image.png; path = "Default-667h@2x.png"; sourceTree = "<group>"; };
		521A8E6319F0C34300D177D7 /* Default-736h@3x.png */ = {isa = PBXFileReference; lastKnownFileType = image.png; path = "Default-736h@3x.png"; sourceTree = "<group>"; };
		52B47A461A53D09B004E4C60 /* Security.framework */ = {isa = PBXFileReference; lastKnownFileType = wrapper.framework; name = Security.framework; path = Platforms/iPhoneOS.platform/Developer/SDKs/iPhoneOS.sdk/System/Library/Frameworks/Security.framework; sourceTree = DEVELOPER_DIR; };
		8262943D1AAF051F00CB7CF7 /* Security.framework */ = {isa = PBXFileReference; lastKnownFileType = wrapper.framework; name = Security.framework; path = System/Library/Frameworks/Security.framework; sourceTree = SDKROOT; };
		BF170DB012928DE900B8313A /* OpenGLES.framework */ = {isa = PBXFileReference; lastKnownFileType = wrapper.framework; name = OpenGLES.framework; path = System/Library/Frameworks/OpenGLES.framework; sourceTree = SDKROOT; };
		BF170DB412928DE900B8313A /* libz.dylib */ = {isa = PBXFileReference; lastKnownFileType = "compiled.mach-o.dylib"; name = libz.dylib; path = usr/lib/libz.dylib; sourceTree = SDKROOT; };
		BF1C47EA1293683800B63C5D /* QuartzCore.framework */ = {isa = PBXFileReference; lastKnownFileType = wrapper.framework; name = QuartzCore.framework; path = System/Library/Frameworks/QuartzCore.framework; sourceTree = SDKROOT; };
		D44C620B132DFF330009C878 /* OpenAL.framework */ = {isa = PBXFileReference; lastKnownFileType = wrapper.framework; name = OpenAL.framework; path = System/Library/Frameworks/OpenAL.framework; sourceTree = SDKROOT; };
		D44C620D132DFF430009C878 /* AVFoundation.framework */ = {isa = PBXFileReference; lastKnownFileType = wrapper.framework; name = AVFoundation.framework; path = System/Library/Frameworks/AVFoundation.framework; sourceTree = SDKROOT; };
		D44C620F132DFF4E0009C878 /* AudioToolbox.framework */ = {isa = PBXFileReference; lastKnownFileType = wrapper.framework; name = AudioToolbox.framework; path = System/Library/Frameworks/AudioToolbox.framework; sourceTree = SDKROOT; };
		D605877E1FD7BC5600D372B4 /* funapi_rpc.h */ = {isa = PBXFileReference; fileEncoding = 4; lastKnownFileType = sourcecode.c.h; path = funapi_rpc.h; sourceTree = "<group>"; };
		D605877F1FD7BC5600D372B4 /* funapi_rpc.cpp */ = {isa = PBXFileReference; fileEncoding = 4; lastKnownFileType = sourcecode.cpp.cpp; path = funapi_rpc.cpp; sourceTree = "<group>"; };
		D60587821FD7BDC800D372B4 /* fun_dedicated_server_rpc_message.pb.cc */ = {isa = PBXFileReference; fileEncoding = 4; lastKnownFileType = sourcecode.cpp.cpp; path = fun_dedicated_server_rpc_message.pb.cc; sourceTree = "<group>"; };
		D60587831FD7BDC800D372B4 /* fun_dedicated_server_rpc_message.pb.h */ = {isa = PBXFileReference; fileEncoding = 4; lastKnownFileType = sourcecode.c.h; path = fun_dedicated_server_rpc_message.pb.h; sourceTree = "<group>"; };
		D60587851FD7C54800D372B4 /* test_dedicated_server_rpc_messages.pb.cc */ = {isa = PBXFileReference; fileEncoding = 4; lastKnownFileType = sourcecode.cpp.cpp; path = test_dedicated_server_rpc_messages.pb.cc; sourceTree = "<group>"; };
		D60587861FD7C54800D372B4 /* test_dedicated_server_rpc_messages.pb.h */ = {isa = PBXFileReference; fileEncoding = 4; lastKnownFileType = sourcecode.c.h; path = test_dedicated_server_rpc_messages.pb.h; sourceTree = "<group>"; };
		D65713861FD63C4400D7E9AC /* libprotobuf.a */ = {isa = PBXFileReference; lastKnownFileType = archive.ar; name = libprotobuf.a; path = ios/libprotobuf/lib/libprotobuf.a; sourceTree = "<group>"; };
		D65713891FD63C5000D7E9AC /* libsodium.a */ = {isa = PBXFileReference; lastKnownFileType = archive.ar; name = libsodium.a; path = ios/libsodium/lib/libsodium.a; sourceTree = "<group>"; };
		D65713901FD642A800D7E9AC /* funapi-plugin-cocos2dx-desktopTests.xctest */ = {isa = PBXFileReference; explicitFileType = wrapper.cfbundle; includeInIndex = 0; path = "funapi-plugin-cocos2dx-desktopTests.xctest"; sourceTree = BUILT_PRODUCTS_DIR; };
		D65713941FD642A800D7E9AC /* Info.plist */ = {isa = PBXFileReference; lastKnownFileType = text.plist.xml; path = Info.plist; sourceTree = "<group>"; };
		D657139A1FD642E300D7E9AC /* funapi_plugin_cocos2dx_Tests.mm */ = {isa = PBXFileReference; fileEncoding = 4; lastKnownFileType = sourcecode.cpp.objcpp; path = funapi_plugin_cocos2dx_Tests.mm; sourceTree = "<group>"; };
		D657139B1FD642E300D7E9AC /* funapi_plugin_cocos2dx_inhouseTests.mm */ = {isa = PBXFileReference; fileEncoding = 4; lastKnownFileType = sourcecode.cpp.objcpp; path = funapi_plugin_cocos2dx_inhouseTests.mm; sourceTree = "<group>"; };
		D657139C1FD642E300D7E9AC /* funapi_plugin_cocos2dx_disableTests.mm */ = {isa = PBXFileReference; fileEncoding = 4; lastKnownFileType = sourcecode.cpp.objcpp; path = funapi_plugin_cocos2dx_disableTests.mm; sourceTree = "<group>"; };
		D65713A61FD6526F00D7E9AC /* funapi-plugin-cocos2dx-mobileTests.xctest */ = {isa = PBXFileReference; explicitFileType = wrapper.cfbundle; includeInIndex = 0; path = "funapi-plugin-cocos2dx-mobileTests.xctest"; sourceTree = BUILT_PRODUCTS_DIR; };
		D65713AA1FD6526F00D7E9AC /* Info.plist */ = {isa = PBXFileReference; lastKnownFileType = text.plist.xml; path = Info.plist; sourceTree = "<group>"; };
		D6B0611A1803AB670077942B /* CoreMotion.framework */ = {isa = PBXFileReference; lastKnownFileType = wrapper.framework; name = CoreMotion.framework; path = Platforms/iPhoneOS.platform/Developer/SDKs/iPhoneOS.sdk/System/Library/Frameworks/CoreMotion.framework; sourceTree = DEVELOPER_DIR; };
		D6FF195D1FD52B4E00796402 /* FunapiTestScene.h */ = {isa = PBXFileReference; fileEncoding = 4; lastKnownFileType = sourcecode.c.h; path = FunapiTestScene.h; sourceTree = "<group>"; };
		D6FF195E1FD52B4E00796402 /* test_messages.pb.h */ = {isa = PBXFileReference; fileEncoding = 4; lastKnownFileType = sourcecode.c.h; path = test_messages.pb.h; sourceTree = "<group>"; };
		D6FF19601FD52B4E00796402 /* build_date.txt */ = {isa = PBXFileReference; fileEncoding = 4; lastKnownFileType = text; path = build_date.txt; sourceTree = "<group>"; };
		D6FF19611FD52B4E00796402 /* funapi_announcement.cpp */ = {isa = PBXFileReference; fileEncoding = 4; lastKnownFileType = sourcecode.cpp.cpp; path = funapi_announcement.cpp; sourceTree = "<group>"; };
		D6FF19621FD52B4E00796402 /* funapi_announcement.h */ = {isa = PBXFileReference; fileEncoding = 4; lastKnownFileType = sourcecode.c.h; path = funapi_announcement.h; sourceTree = "<group>"; };
		D6FF19631FD52B4E00796402 /* funapi_build_config.h */ = {isa = PBXFileReference; fileEncoding = 4; lastKnownFileType = sourcecode.c.h; path = funapi_build_config.h; sourceTree = "<group>"; };
		D6FF19641FD52B4E00796402 /* funapi_downloader.cpp */ = {isa = PBXFileReference; fileEncoding = 4; lastKnownFileType = sourcecode.cpp.cpp; path = funapi_downloader.cpp; sourceTree = "<group>"; };
		D6FF19651FD52B4E00796402 /* funapi_downloader.h */ = {isa = PBXFileReference; fileEncoding = 4; lastKnownFileType = sourcecode.c.h; path = funapi_downloader.h; sourceTree = "<group>"; };
		D6FF19661FD52B4E00796402 /* funapi_encryption.cpp */ = {isa = PBXFileReference; fileEncoding = 4; lastKnownFileType = sourcecode.cpp.cpp; path = funapi_encryption.cpp; sourceTree = "<group>"; };
		D6FF19671FD52B4E00796402 /* funapi_encryption.h */ = {isa = PBXFileReference; fileEncoding = 4; lastKnownFileType = sourcecode.c.h; path = funapi_encryption.h; sourceTree = "<group>"; };
		D6FF19681FD52B4E00796402 /* funapi_encryption_legacy.h */ = {isa = PBXFileReference; fileEncoding = 4; lastKnownFileType = sourcecode.c.h; path = funapi_encryption_legacy.h; sourceTree = "<group>"; };
		D6FF19691FD52B4E00796402 /* funapi_http.cpp */ = {isa = PBXFileReference; fileEncoding = 4; lastKnownFileType = sourcecode.cpp.cpp; path = funapi_http.cpp; sourceTree = "<group>"; };
		D6FF196A1FD52B4E00796402 /* funapi_http.h */ = {isa = PBXFileReference; fileEncoding = 4; lastKnownFileType = sourcecode.c.h; path = funapi_http.h; sourceTree = "<group>"; };
		D6FF196B1FD52B4E00796402 /* funapi_multicasting.cpp */ = {isa = PBXFileReference; fileEncoding = 4; lastKnownFileType = sourcecode.cpp.cpp; path = funapi_multicasting.cpp; sourceTree = "<group>"; };
		D6FF196C1FD52B4E00796402 /* funapi_multicasting.h */ = {isa = PBXFileReference; fileEncoding = 4; lastKnownFileType = sourcecode.c.h; path = funapi_multicasting.h; sourceTree = "<group>"; };
		D6FF196D1FD52B4E00796402 /* funapi_plugin.h */ = {isa = PBXFileReference; fileEncoding = 4; lastKnownFileType = sourcecode.c.h; path = funapi_plugin.h; sourceTree = "<group>"; };
		D6FF196E1FD52B4E00796402 /* funapi_session.cpp */ = {isa = PBXFileReference; fileEncoding = 4; lastKnownFileType = sourcecode.cpp.cpp; path = funapi_session.cpp; sourceTree = "<group>"; };
		D6FF196F1FD52B4E00796402 /* funapi_session.h */ = {isa = PBXFileReference; fileEncoding = 4; lastKnownFileType = sourcecode.c.h; path = funapi_session.h; sourceTree = "<group>"; };
		D6FF19701FD52B4E00796402 /* funapi_socket.cpp */ = {isa = PBXFileReference; fileEncoding = 4; lastKnownFileType = sourcecode.cpp.cpp; path = funapi_socket.cpp; sourceTree = "<group>"; };
		D6FF19711FD52B4E00796402 /* funapi_socket.h */ = {isa = PBXFileReference; fileEncoding = 4; lastKnownFileType = sourcecode.c.h; path = funapi_socket.h; sourceTree = "<group>"; };
		D6FF19721FD52B4E00796402 /* funapi_tasks.cpp */ = {isa = PBXFileReference; fileEncoding = 4; lastKnownFileType = sourcecode.cpp.cpp; path = funapi_tasks.cpp; sourceTree = "<group>"; };
		D6FF19731FD52B4E00796402 /* funapi_tasks.h */ = {isa = PBXFileReference; fileEncoding = 4; lastKnownFileType = sourcecode.c.h; path = funapi_tasks.h; sourceTree = "<group>"; };
		D6FF19741FD52B4E00796402 /* funapi_transport.cpp */ = {isa = PBXFileReference; fileEncoding = 4; lastKnownFileType = sourcecode.cpp.cpp; path = funapi_transport.cpp; sourceTree = "<group>"; };
		D6FF19751FD52B4E00796402 /* funapi_transport.h */ = {isa = PBXFileReference; fileEncoding = 4; lastKnownFileType = sourcecode.c.h; path = funapi_transport.h; sourceTree = "<group>"; };
		D6FF19761FD52B4E00796402 /* funapi_utils.cpp */ = {isa = PBXFileReference; fileEncoding = 4; lastKnownFileType = sourcecode.cpp.cpp; path = funapi_utils.cpp; sourceTree = "<group>"; };
		D6FF19771FD52B4E00796402 /* funapi_utils.h */ = {isa = PBXFileReference; fileEncoding = 4; lastKnownFileType = sourcecode.c.h; path = funapi_utils.h; sourceTree = "<group>"; };
		D6FF19781FD52B4E00796402 /* funapi_version.h */ = {isa = PBXFileReference; fileEncoding = 4; lastKnownFileType = sourcecode.c.h; path = funapi_version.h; sourceTree = "<group>"; };
		D6FF197A1FD52B4E00796402 /* maintenance_message.pb.cc */ = {isa = PBXFileReference; fileEncoding = 4; lastKnownFileType = sourcecode.cpp.cpp; path = maintenance_message.pb.cc; sourceTree = "<group>"; };
		D6FF197B1FD52B4E00796402 /* maintenance_message.pb.h */ = {isa = PBXFileReference; fileEncoding = 4; lastKnownFileType = sourcecode.c.h; path = maintenance_message.pb.h; sourceTree = "<group>"; };
		D6FF197D1FD52B4E00796402 /* fun_message.pb.cc */ = {isa = PBXFileReference; fileEncoding = 4; lastKnownFileType = sourcecode.cpp.cpp; path = fun_message.pb.cc; sourceTree = "<group>"; };
		D6FF197E1FD52B4E00796402 /* fun_message.pb.h */ = {isa = PBXFileReference; fileEncoding = 4; lastKnownFileType = sourcecode.c.h; path = fun_message.pb.h; sourceTree = "<group>"; };
		D6FF197F1FD52B4E00796402 /* ping_message.pb.cc */ = {isa = PBXFileReference; fileEncoding = 4; lastKnownFileType = sourcecode.cpp.cpp; path = ping_message.pb.cc; sourceTree = "<group>"; };
		D6FF19801FD52B4E00796402 /* ping_message.pb.h */ = {isa = PBXFileReference; fileEncoding = 4; lastKnownFileType = sourcecode.c.h; path = ping_message.pb.h; sourceTree = "<group>"; };
		D6FF19831FD52B4E00796402 /* multicast_message.pb.cc */ = {isa = PBXFileReference; fileEncoding = 4; lastKnownFileType = sourcecode.cpp.cpp; path = multicast_message.pb.cc; sourceTree = "<group>"; };
		D6FF19841FD52B4E00796402 /* multicast_message.pb.h */ = {isa = PBXFileReference; fileEncoding = 4; lastKnownFileType = sourcecode.c.h; path = multicast_message.pb.h; sourceTree = "<group>"; };
		D6FF19851FD52B4E00796402 /* redirect_message.pb.cc */ = {isa = PBXFileReference; fileEncoding = 4; lastKnownFileType = sourcecode.cpp.cpp; path = redirect_message.pb.cc; sourceTree = "<group>"; };
		D6FF19861FD52B4E00796402 /* redirect_message.pb.h */ = {isa = PBXFileReference; fileEncoding = 4; lastKnownFileType = sourcecode.c.h; path = redirect_message.pb.h; sourceTree = "<group>"; };
		D6FF19871FD52B4E00796402 /* FunapiTestScene.cpp */ = {isa = PBXFileReference; fileEncoding = 4; lastKnownFileType = sourcecode.cpp.cpp; path = FunapiTestScene.cpp; sourceTree = "<group>"; };
		D6FF19881FD52B4E00796402 /* test_messages.pb.cc */ = {isa = PBXFileReference; fileEncoding = 4; lastKnownFileType = sourcecode.cpp.cpp; path = test_messages.pb.cc; sourceTree = "<group>"; };
		D6FF19AC1FD5335F00796402 /* libprotobuf.a */ = {isa = PBXFileReference; lastKnownFileType = archive.ar; name = libprotobuf.a; path = mac/libprotobuf/lib/libprotobuf.a; sourceTree = "<group>"; };
		D6FF19AE1FD5336B00796402 /* libsodium.a */ = {isa = PBXFileReference; lastKnownFileType = archive.ar; name = libsodium.a; path = mac/libsodium/lib/libsodium.a; sourceTree = "<group>"; };
		D6FF19B51FD534D700796402 /* buttonHighlighted.png */ = {isa = PBXFileReference; lastKnownFileType = image.png; path = buttonHighlighted.png; sourceTree = "<group>"; };
		D6FF19B71FD534D800796402 /* button.png */ = {isa = PBXFileReference; lastKnownFileType = image.png; path = button.png; sourceTree = "<group>"; };
		D6FF19B81FD534D800796402 /* check_box_normal_disable.png */ = {isa = PBXFileReference; lastKnownFileType = image.png; path = check_box_normal_disable.png; sourceTree = "<group>"; };
		D6FF19B91FD534D800796402 /* check_box_normal.png */ = {isa = PBXFileReference; lastKnownFileType = image.png; path = check_box_normal.png; sourceTree = "<group>"; };
		D6FF19BA1FD534D800796402 /* arial.ttf */ = {isa = PBXFileReference; lastKnownFileType = file; path = arial.ttf; sourceTree = "<group>"; };
		D6FF19BB1FD534D800796402 /* check_box_active_disable.png */ = {isa = PBXFileReference; lastKnownFileType = image.png; path = check_box_active_disable.png; sourceTree = "<group>"; };
		D6FF19BC1FD534D800796402 /* edit_back.png */ = {isa = PBXFileReference; lastKnownFileType = image.png; path = edit_back.png; sourceTree = "<group>"; };
		D6FF19BD1FD534D800796402 /* check_box_active.png */ = {isa = PBXFileReference; lastKnownFileType = image.png; path = check_box_active.png; sourceTree = "<group>"; };
		D6FF19BE1FD534D800796402 /* check_box_normal_press.png */ = {isa = PBXFileReference; lastKnownFileType = image.png; path = check_box_normal_press.png; sourceTree = "<group>"; };
		D6FF19BF1FD534D800796402 /* check_box_active_press.png */ = {isa = PBXFileReference; lastKnownFileType = image.png; path = check_box_active_press.png; sourceTree = "<group>"; };
		ED545A7B1B68A1F400C3958E /* libiconv.dylib */ = {isa = PBXFileReference; lastKnownFileType = "compiled.mach-o.dylib"; name = libiconv.dylib; path = Platforms/iPhoneOS.platform/Developer/SDKs/iPhoneOS.sdk/usr/lib/libiconv.dylib; sourceTree = DEVELOPER_DIR; };
		ED545A7D1B68A1FA00C3958E /* libiconv.dylib */ = {isa = PBXFileReference; lastKnownFileType = "compiled.mach-o.dylib"; name = libiconv.dylib; path = usr/lib/libiconv.dylib; sourceTree = SDKROOT; };
/* End PBXFileReference section */

/* Begin PBXFrameworksBuildPhase section */
		1D60588F0D05DD3D006BFB54 /* Frameworks */ = {
			isa = PBXFrameworksBuildPhase;
			buildActionMask = 2147483647;
			files = (
				D657138A1FD63C5000D7E9AC /* libsodium.a in Frameworks */,
				D65713881FD63C4400D7E9AC /* libprotobuf.a in Frameworks */,
				294D0D641D0D56D500F7F5D4 /* CoreText.framework in Frameworks */,
				ED545A7C1B68A1F400C3958E /* libiconv.dylib in Frameworks */,
				52B47A471A53D09C004E4C60 /* Security.framework in Frameworks */,
				1AC6FB30180E99EB004C840B /* libcocos2d iOS.a in Frameworks */,
				D6B0611B1803AB670077942B /* CoreMotion.framework in Frameworks */,
				1D60589F0D05DD5A006BFB54 /* Foundation.framework in Frameworks */,
				1DF5F4E00D08C38300B7A737 /* UIKit.framework in Frameworks */,
				288765A50DF7441C002DB57D /* CoreGraphics.framework in Frameworks */,
				BF171245129291EC00B8313A /* OpenGLES.framework in Frameworks */,
				BF1712471292920000B8313A /* libz.dylib in Frameworks */,
				BF1C47F01293687400B63C5D /* QuartzCore.framework in Frameworks */,
				D44C620C132DFF330009C878 /* OpenAL.framework in Frameworks */,
				D44C620E132DFF430009C878 /* AVFoundation.framework in Frameworks */,
				D44C6210132DFF4E0009C878 /* AudioToolbox.framework in Frameworks */,
			);
			runOnlyForDeploymentPostprocessing = 0;
		};
		5087E75C17EB910900C73F5D /* Frameworks */ = {
			isa = PBXFrameworksBuildPhase;
			buildActionMask = 2147483647;
			files = (
				D6FF19AF1FD5336B00796402 /* libsodium.a in Frameworks */,
				D6FF19AD1FD5335F00796402 /* libprotobuf.a in Frameworks */,
				ED545A7E1B68A1FA00C3958E /* libiconv.dylib in Frameworks */,
				1AC6FB21180E996B004C840B /* libcocos2d Mac.a in Frameworks */,
				5087E76717EB910900C73F5D /* libz.dylib in Frameworks */,
				8262943E1AAF051F00CB7CF7 /* Security.framework in Frameworks */,
				503AE11B17EB9C5A00D1A890 /* IOKit.framework in Frameworks */,
				5087E78B17EB975400C73F5D /* OpenGL.framework in Frameworks */,
				5087E78917EB974C00C73F5D /* AppKit.framework in Frameworks */,
				5087E76317EB910900C73F5D /* Foundation.framework in Frameworks */,
				5087E76817EB910900C73F5D /* QuartzCore.framework in Frameworks */,
				5087E76917EB910900C73F5D /* OpenAL.framework in Frameworks */,
				5087E76A17EB910900C73F5D /* AVFoundation.framework in Frameworks */,
				5087E76B17EB910900C73F5D /* AudioToolbox.framework in Frameworks */,
			);
			runOnlyForDeploymentPostprocessing = 0;
		};
		D657138D1FD642A800D7E9AC /* Frameworks */ = {
			isa = PBXFrameworksBuildPhase;
			buildActionMask = 2147483647;
			files = (
			);
			runOnlyForDeploymentPostprocessing = 0;
		};
		D65713A31FD6526F00D7E9AC /* Frameworks */ = {
			isa = PBXFrameworksBuildPhase;
			buildActionMask = 2147483647;
			files = (
			);
			runOnlyForDeploymentPostprocessing = 0;
		};
/* End PBXFrameworksBuildPhase section */

/* Begin PBXGroup section */
		080E96DDFE201D6D7F000001 /* ios */ = {
			isa = PBXGroup;
			children = (
				5087E77117EB970100C73F5D /* Icons */,
				503AE0FA17EB989F00D1A890 /* AppController.h */,
				503AE0FB17EB989F00D1A890 /* AppController.mm */,
				503AE0FC17EB989F00D1A890 /* main.m */,
				503AE0FD17EB989F00D1A890 /* Prefix.pch */,
				503AE0FE17EB989F00D1A890 /* RootViewController.h */,
				503AE0FF17EB989F00D1A890 /* RootViewController.mm */,
			);
			name = ios;
			sourceTree = "<group>";
		};
		19C28FACFE9D520D11CA2CBB /* Products */ = {
			isa = PBXGroup;
			children = (
				1D6058910D05DD3D006BFB54 /* funapi-plugin-cocos2dx-mobile.app */,
				5087E76F17EB910900C73F5D /* funapi-plugin-cocos2dx-desktop.app */,
				D65713901FD642A800D7E9AC /* funapi-plugin-cocos2dx-desktopTests.xctest */,
				D65713A61FD6526F00D7E9AC /* funapi-plugin-cocos2dx-mobileTests.xctest */,
			);
			name = Products;
			sourceTree = "<group>";
		};
		1AC6FAE6180E9839004C840B /* Products */ = {
			isa = PBXGroup;
			children = (
				1AC6FAF9180E9839004C840B /* libcocos2d Mac.a */,
				1AC6FB07180E9839004C840B /* libcocos2d iOS.a */,
				D6FF195C1FD52A1500796402 /* libcocos2d tvOS.a */,
			);
			name = Products;
			sourceTree = "<group>";
		};
		29B97314FDCFA39411CA2CEA /* CustomTemplate */ = {
			isa = PBXGroup;
			children = (
				46880B8319C43A87006E1F66 /* Classes */,
				46880B7519C43A67006E1F66 /* Resources */,
				1AC6FAE5180E9839004C840B /* cocos2d_libs.xcodeproj */,
				D65713911FD642A800D7E9AC /* funapi-plugin-cocos2dx-desktopTests */,
				D65713A71FD6526F00D7E9AC /* funapi-plugin-cocos2dx-mobileTests */,
				29B97323FDCFA39411CA2CEA /* Frameworks */,
				080E96DDFE201D6D7F000001 /* ios */,
				503AE10617EB990700D1A890 /* mac */,
				19C28FACFE9D520D11CA2CBB /* Products */,
			);
			name = CustomTemplate;
			sourceTree = "<group>";
		};
		29B97323FDCFA39411CA2CEA /* Frameworks */ = {
			isa = PBXGroup;
			children = (
				D65713891FD63C5000D7E9AC /* libsodium.a */,
				D65713861FD63C4400D7E9AC /* libprotobuf.a */,
				D6FF19AE1FD5336B00796402 /* libsodium.a */,
				D6FF19AC1FD5335F00796402 /* libprotobuf.a */,
				294D0D631D0D56D500F7F5D4 /* CoreText.framework */,
				ED545A7D1B68A1FA00C3958E /* libiconv.dylib */,
				ED545A7B1B68A1F400C3958E /* libiconv.dylib */,
				8262943D1AAF051F00CB7CF7 /* Security.framework */,
				52B47A461A53D09B004E4C60 /* Security.framework */,
				D6B0611A1803AB670077942B /* CoreMotion.framework */,
				503AE11A17EB9C5A00D1A890 /* IOKit.framework */,
				503AE11117EB99EE00D1A890 /* libcurl.dylib */,
				5087E78A17EB975400C73F5D /* OpenGL.framework */,
				5087E78817EB974C00C73F5D /* AppKit.framework */,
				1ACB3243164770DE00914215 /* libcurl.a */,
				BF170DB412928DE900B8313A /* libz.dylib */,
				D44C620F132DFF4E0009C878 /* AudioToolbox.framework */,
				D44C620D132DFF430009C878 /* AVFoundation.framework */,
				288765A40DF7441C002DB57D /* CoreGraphics.framework */,
				1D30AB110D05D00D00671497 /* Foundation.framework */,
				D44C620B132DFF330009C878 /* OpenAL.framework */,
				BF170DB012928DE900B8313A /* OpenGLES.framework */,
				BF1C47EA1293683800B63C5D /* QuartzCore.framework */,
				1DF5F4DF0D08C38300B7A737 /* UIKit.framework */,
			);
			name = Frameworks;
			sourceTree = "<group>";
		};
		46880B7519C43A67006E1F66 /* Resources */ = {
			isa = PBXGroup;
			children = (
				D6FF19BA1FD534D800796402 /* arial.ttf */,
				D6FF19B71FD534D800796402 /* button.png */,
				D6FF19B51FD534D700796402 /* buttonHighlighted.png */,
				D6FF19BB1FD534D800796402 /* check_box_active_disable.png */,
				D6FF19BF1FD534D800796402 /* check_box_active_press.png */,
				D6FF19BD1FD534D800796402 /* check_box_active.png */,
				D6FF19B81FD534D800796402 /* check_box_normal_disable.png */,
				D6FF19BE1FD534D800796402 /* check_box_normal_press.png */,
				D6FF19B91FD534D800796402 /* check_box_normal.png */,
				D6FF19BC1FD534D800796402 /* edit_back.png */,
				46880B7619C43A67006E1F66 /* CloseNormal.png */,
				46880B7719C43A67006E1F66 /* CloseSelected.png */,
				46880B7A19C43A67006E1F66 /* HelloWorld.png */,
			);
			name = Resources;
			path = ../Resources;
			sourceTree = "<group>";
		};
		46880B8319C43A87006E1F66 /* Classes */ = {
			isa = PBXGroup;
			children = (
				D6FF195F1FD52B4E00796402 /* funapi */,
				46880B8419C43A87006E1F66 /* AppDelegate.cpp */,
				46880B8519C43A87006E1F66 /* AppDelegate.h */,
				D6FF19871FD52B4E00796402 /* FunapiTestScene.cpp */,
				D6FF195D1FD52B4E00796402 /* FunapiTestScene.h */,
				D60587851FD7C54800D372B4 /* test_dedicated_server_rpc_messages.pb.cc */,
				D60587861FD7C54800D372B4 /* test_dedicated_server_rpc_messages.pb.h */,
				D6FF19881FD52B4E00796402 /* test_messages.pb.cc */,
				D6FF195E1FD52B4E00796402 /* test_messages.pb.h */,
			);
			name = Classes;
			path = ../Classes;
			sourceTree = "<group>";
		};
		503AE0F517EB97AB00D1A890 /* Icons */ = {
			isa = PBXGroup;
			children = (
				503AE0F617EB97AB00D1A890 /* Icon.icns */,
				503AE0F717EB97AB00D1A890 /* Info.plist */,
			);
			name = Icons;
			path = mac;
			sourceTree = SOURCE_ROOT;
		};
		503AE10617EB990700D1A890 /* mac */ = {
			isa = PBXGroup;
			children = (
				503AE0F517EB97AB00D1A890 /* Icons */,
				503AE10317EB98FF00D1A890 /* main.cpp */,
				503AE10417EB98FF00D1A890 /* Prefix.pch */,
			);
			name = mac;
			sourceTree = "<group>";
		};
		5087E77117EB970100C73F5D /* Icons */ = {
			isa = PBXGroup;
			children = (
				521A8E6219F0C34300D177D7 /* Default-667h@2x.png */,
				521A8E6319F0C34300D177D7 /* Default-736h@3x.png */,
				5087E77217EB970100C73F5D /* Default-568h@2x.png */,
				5087E77317EB970100C73F5D /* Default.png */,
				5087E77417EB970100C73F5D /* Default@2x.png */,
				50EF62A017ECD613001EB2F8 /* Icon-29.png */,
				50EF62A117ECD613001EB2F8 /* Icon-50.png */,
				50EF629217ECD46A001EB2F8 /* Icon-40.png */,
				50EF629317ECD46A001EB2F8 /* Icon-58.png */,
				50EF629417ECD46A001EB2F8 /* Icon-80.png */,
				50EF629517ECD46A001EB2F8 /* Icon-100.png */,
				5087E77517EB970100C73F5D /* Icon-114.png */,
				5087E77617EB970100C73F5D /* Icon-120.png */,
				5087E77717EB970100C73F5D /* Icon-144.png */,
				5087E77817EB970100C73F5D /* Icon-152.png */,
				5087E77917EB970100C73F5D /* Icon-57.png */,
				5087E77A17EB970100C73F5D /* Icon-72.png */,
				5087E77B17EB970100C73F5D /* Icon-76.png */,
				5087E77C17EB970100C73F5D /* Info.plist */,
			);
			name = Icons;
			path = ios;
			sourceTree = SOURCE_ROOT;
		};
		D60587811FD7BDAB00D372B4 /* distribution */ = {
			isa = PBXGroup;
			children = (
				D60587821FD7BDC800D372B4 /* fun_dedicated_server_rpc_message.pb.cc */,
				D60587831FD7BDC800D372B4 /* fun_dedicated_server_rpc_message.pb.h */,
			);
			path = distribution;
			sourceTree = "<group>";
		};
		D65713911FD642A800D7E9AC /* funapi-plugin-cocos2dx-desktopTests */ = {
			isa = PBXGroup;
			children = (
				D657139C1FD642E300D7E9AC /* funapi_plugin_cocos2dx_disableTests.mm */,
				D657139B1FD642E300D7E9AC /* funapi_plugin_cocos2dx_inhouseTests.mm */,
				D657139A1FD642E300D7E9AC /* funapi_plugin_cocos2dx_Tests.mm */,
				D65713941FD642A800D7E9AC /* Info.plist */,
			);
			path = "funapi-plugin-cocos2dx-desktopTests";
			sourceTree = "<group>";
		};
		D65713A71FD6526F00D7E9AC /* funapi-plugin-cocos2dx-mobileTests */ = {
			isa = PBXGroup;
			children = (
				D65713AA1FD6526F00D7E9AC /* Info.plist */,
			);
			path = "funapi-plugin-cocos2dx-mobileTests";
			sourceTree = "<group>";
		};
		D6FF195F1FD52B4E00796402 /* funapi */ = {
			isa = PBXGroup;
			children = (
				D60587811FD7BDAB00D372B4 /* distribution */,
				D6FF19791FD52B4E00796402 /* management */,
				D6FF197C1FD52B4E00796402 /* network */,
				D6FF19821FD52B4E00796402 /* service */,
				D6FF19601FD52B4E00796402 /* build_date.txt */,
				D605877F1FD7BC5600D372B4 /* funapi_rpc.cpp */,
				D605877E1FD7BC5600D372B4 /* funapi_rpc.h */,
				D6FF19611FD52B4E00796402 /* funapi_announcement.cpp */,
				D6FF19621FD52B4E00796402 /* funapi_announcement.h */,
				D6FF19631FD52B4E00796402 /* funapi_build_config.h */,
				D6FF19641FD52B4E00796402 /* funapi_downloader.cpp */,
				D6FF19651FD52B4E00796402 /* funapi_downloader.h */,
				D6FF19661FD52B4E00796402 /* funapi_encryption.cpp */,
				D6FF19671FD52B4E00796402 /* funapi_encryption.h */,
				D6FF19681FD52B4E00796402 /* funapi_encryption_legacy.h */,
				D6FF19691FD52B4E00796402 /* funapi_http.cpp */,
				D6FF196A1FD52B4E00796402 /* funapi_http.h */,
				D6FF196B1FD52B4E00796402 /* funapi_multicasting.cpp */,
				D6FF196C1FD52B4E00796402 /* funapi_multicasting.h */,
				D6FF196D1FD52B4E00796402 /* funapi_plugin.h */,
				D6FF196E1FD52B4E00796402 /* funapi_session.cpp */,
				D6FF196F1FD52B4E00796402 /* funapi_session.h */,
				D6FF19701FD52B4E00796402 /* funapi_socket.cpp */,
				D6FF19711FD52B4E00796402 /* funapi_socket.h */,
				D6FF19721FD52B4E00796402 /* funapi_tasks.cpp */,
				D6FF19731FD52B4E00796402 /* funapi_tasks.h */,
				D6FF19741FD52B4E00796402 /* funapi_transport.cpp */,
				D6FF19751FD52B4E00796402 /* funapi_transport.h */,
				D6FF19761FD52B4E00796402 /* funapi_utils.cpp */,
				D6FF19771FD52B4E00796402 /* funapi_utils.h */,
				D6FF19781FD52B4E00796402 /* funapi_version.h */,
			);
			path = funapi;
			sourceTree = "<group>";
		};
		D6FF19791FD52B4E00796402 /* management */ = {
			isa = PBXGroup;
			children = (
				D6FF197A1FD52B4E00796402 /* maintenance_message.pb.cc */,
				D6FF197B1FD52B4E00796402 /* maintenance_message.pb.h */,
			);
			path = management;
			sourceTree = "<group>";
		};
		D6FF197C1FD52B4E00796402 /* network */ = {
			isa = PBXGroup;
			children = (
				D6FF197D1FD52B4E00796402 /* fun_message.pb.cc */,
				D6FF197E1FD52B4E00796402 /* fun_message.pb.h */,
				D6FF197F1FD52B4E00796402 /* ping_message.pb.cc */,
				D6FF19801FD52B4E00796402 /* ping_message.pb.h */,
			);
			path = network;
			sourceTree = "<group>";
		};
		D6FF19821FD52B4E00796402 /* service */ = {
			isa = PBXGroup;
			children = (
				D6FF19831FD52B4E00796402 /* multicast_message.pb.cc */,
				D6FF19841FD52B4E00796402 /* multicast_message.pb.h */,
				D6FF19851FD52B4E00796402 /* redirect_message.pb.cc */,
				D6FF19861FD52B4E00796402 /* redirect_message.pb.h */,
			);
			path = service;
			sourceTree = "<group>";
		};
/* End PBXGroup section */

/* Begin PBXNativeTarget section */
		1D6058900D05DD3D006BFB54 /* funapi-plugin-cocos2dx-mobile */ = {
			isa = PBXNativeTarget;
			buildConfigurationList = 1D6058960D05DD3E006BFB54 /* Build configuration list for PBXNativeTarget "funapi-plugin-cocos2dx-mobile" */;
			buildPhases = (
				1D60588D0D05DD3D006BFB54 /* Resources */,
				1D60588E0D05DD3D006BFB54 /* Sources */,
				1D60588F0D05DD3D006BFB54 /* Frameworks */,
			);
			buildRules = (
			);
			dependencies = (
				1AC6FB25180E99E1004C840B /* PBXTargetDependency */,
			);
			name = "funapi-plugin-cocos2dx-mobile";
			productName = iphone;
			productReference = 1D6058910D05DD3D006BFB54 /* funapi-plugin-cocos2dx-mobile.app */;
			productType = "com.apple.product-type.application";
		};
		5087E73D17EB910900C73F5D /* funapi-plugin-cocos2dx-desktop */ = {
			isa = PBXNativeTarget;
			buildConfigurationList = 5087E76C17EB910900C73F5D /* Build configuration list for PBXNativeTarget "funapi-plugin-cocos2dx-desktop" */;
			buildPhases = (
				5087E74817EB910900C73F5D /* Resources */,
				5087E75617EB910900C73F5D /* Sources */,
				5087E75C17EB910900C73F5D /* Frameworks */,
			);
			buildRules = (
			);
			dependencies = (
				1AC6FB16180E9959004C840B /* PBXTargetDependency */,
			);
			name = "funapi-plugin-cocos2dx-desktop";
			productName = iphone;
			productReference = 5087E76F17EB910900C73F5D /* funapi-plugin-cocos2dx-desktop.app */;
			productType = "com.apple.product-type.application";
		};
		D657138F1FD642A800D7E9AC /* funapi-plugin-cocos2dx-desktopTests */ = {
			isa = PBXNativeTarget;
			buildConfigurationList = D65713971FD642A800D7E9AC /* Build configuration list for PBXNativeTarget "funapi-plugin-cocos2dx-desktopTests" */;
			buildPhases = (
				D657138C1FD642A800D7E9AC /* Sources */,
				D657138D1FD642A800D7E9AC /* Frameworks */,
				D657138E1FD642A800D7E9AC /* Resources */,
			);
			buildRules = (
			);
			dependencies = (
				D65713961FD642A800D7E9AC /* PBXTargetDependency */,
			);
			name = "funapi-plugin-cocos2dx-desktopTests";
			productName = "funapi-plugin-cocos2dx-desktopTests";
			productReference = D65713901FD642A800D7E9AC /* funapi-plugin-cocos2dx-desktopTests.xctest */;
			productType = "com.apple.product-type.bundle.unit-test";
		};
		D65713A51FD6526F00D7E9AC /* funapi-plugin-cocos2dx-mobileTests */ = {
			isa = PBXNativeTarget;
			buildConfigurationList = D65713B01FD6526F00D7E9AC /* Build configuration list for PBXNativeTarget "funapi-plugin-cocos2dx-mobileTests" */;
			buildPhases = (
				D65713A21FD6526F00D7E9AC /* Sources */,
				D65713A31FD6526F00D7E9AC /* Frameworks */,
				D65713A41FD6526F00D7E9AC /* Resources */,
			);
			buildRules = (
			);
			dependencies = (
				D65713AC1FD6526F00D7E9AC /* PBXTargetDependency */,
			);
			name = "funapi-plugin-cocos2dx-mobileTests";
			productName = "funapi-plugin-cocos2dx-mobileTests";
			productReference = D65713A61FD6526F00D7E9AC /* funapi-plugin-cocos2dx-mobileTests.xctest */;
			productType = "com.apple.product-type.bundle.unit-test";
		};
/* End PBXNativeTarget section */

/* Begin PBXProject section */
		29B97313FDCFA39411CA2CEA /* Project object */ = {
			isa = PBXProject;
			attributes = {
				LastUpgradeCheck = 0910;
				TargetAttributes = {
					1D6058900D05DD3D006BFB54 = {
						DevelopmentTeam = C73SP65XNZ;
					};
					D657138F1FD642A800D7E9AC = {
						CreatedOnToolsVersion = 9.2;
						DevelopmentTeam = C73SP65XNZ;
						ProvisioningStyle = Automatic;
						TestTargetID = 5087E73D17EB910900C73F5D;
					};
					D65713A51FD6526F00D7E9AC = {
						CreatedOnToolsVersion = 9.2;
						DevelopmentTeam = C73SP65XNZ;
						ProvisioningStyle = Automatic;
						TestTargetID = 1D6058900D05DD3D006BFB54;
					};
				};
			};
			buildConfigurationList = C01FCF4E08A954540054247B /* Build configuration list for PBXProject "funapi-plugin-cocos2dx" */;
			compatibilityVersion = "Xcode 3.2";
			developmentRegion = English;
			hasScannedForEncodings = 1;
			knownRegions = (
				English,
				Japanese,
				French,
				German,
			);
			mainGroup = 29B97314FDCFA39411CA2CEA /* CustomTemplate */;
			projectDirPath = "";
			projectReferences = (
				{
					ProductGroup = 1AC6FAE6180E9839004C840B /* Products */;
					ProjectRef = 1AC6FAE5180E9839004C840B /* cocos2d_libs.xcodeproj */;
				},
			);
			projectRoot = "";
			targets = (
				1D6058900D05DD3D006BFB54 /* funapi-plugin-cocos2dx-mobile */,
				5087E73D17EB910900C73F5D /* funapi-plugin-cocos2dx-desktop */,
				D65713A51FD6526F00D7E9AC /* funapi-plugin-cocos2dx-mobileTests */,
				D657138F1FD642A800D7E9AC /* funapi-plugin-cocos2dx-desktopTests */,
			);
		};
/* End PBXProject section */

/* Begin PBXReferenceProxy section */
		1AC6FAF9180E9839004C840B /* libcocos2d Mac.a */ = {
			isa = PBXReferenceProxy;
			fileType = archive.ar;
			path = "libcocos2d Mac.a";
			remoteRef = 1AC6FAF8180E9839004C840B /* PBXContainerItemProxy */;
			sourceTree = BUILT_PRODUCTS_DIR;
		};
		1AC6FB07180E9839004C840B /* libcocos2d iOS.a */ = {
			isa = PBXReferenceProxy;
			fileType = archive.ar;
			path = "libcocos2d iOS.a";
			remoteRef = 1AC6FB06180E9839004C840B /* PBXContainerItemProxy */;
			sourceTree = BUILT_PRODUCTS_DIR;
		};
		D6FF195C1FD52A1500796402 /* libcocos2d tvOS.a */ = {
			isa = PBXReferenceProxy;
			fileType = archive.ar;
			path = "libcocos2d tvOS.a";
			remoteRef = D6FF195B1FD52A1500796402 /* PBXContainerItemProxy */;
			sourceTree = BUILT_PRODUCTS_DIR;
		};
/* End PBXReferenceProxy section */

/* Begin PBXResourcesBuildPhase section */
		1D60588D0D05DD3D006BFB54 /* Resources */ = {
			isa = PBXResourcesBuildPhase;
			buildActionMask = 2147483647;
			files = (
				5087E78117EB970100C73F5D /* Icon-120.png in Resources */,
				D6FF19C01FD534D800796402 /* buttonHighlighted.png in Resources */,
				D6FF19891FD52B4E00796402 /* build_date.txt in Resources */,
				5087E78617EB970100C73F5D /* Icon-76.png in Resources */,
				D6FF19C81FD534D800796402 /* check_box_active.png in Resources */,
				5087E77F17EB970100C73F5D /* Default@2x.png in Resources */,
				50EF629917ECD46A001EB2F8 /* Icon-100.png in Resources */,
				D6FF19C91FD534D800796402 /* check_box_normal_press.png in Resources */,
				D6FF19C51FD534D800796402 /* arial.ttf in Resources */,
				5087E78317EB970100C73F5D /* Icon-152.png in Resources */,
				46880B8119C43A67006E1F66 /* HelloWorld.png in Resources */,
				46880B7D19C43A67006E1F66 /* CloseSelected.png in Resources */,
				5087E77D17EB970100C73F5D /* Default-568h@2x.png in Resources */,
				D6FF19C31FD534D800796402 /* check_box_normal_disable.png in Resources */,
				5087E78517EB970100C73F5D /* Icon-72.png in Resources */,
				D6FF19CA1FD534D800796402 /* check_box_active_press.png in Resources */,
				521A8E6519F0C34300D177D7 /* Default-736h@3x.png in Resources */,
				50EF62A317ECD613001EB2F8 /* Icon-50.png in Resources */,
				D6FF19C61FD534D800796402 /* check_box_active_disable.png in Resources */,
				5087E78017EB970100C73F5D /* Icon-114.png in Resources */,
				50EF62A217ECD613001EB2F8 /* Icon-29.png in Resources */,
				50EF629617ECD46A001EB2F8 /* Icon-40.png in Resources */,
				5087E78217EB970100C73F5D /* Icon-144.png in Resources */,
				D6FF19C41FD534D800796402 /* check_box_normal.png in Resources */,
				D6FF19C71FD534D800796402 /* edit_back.png in Resources */,
				50EF629817ECD46A001EB2F8 /* Icon-80.png in Resources */,
				5087E78417EB970100C73F5D /* Icon-57.png in Resources */,
				5087E77E17EB970100C73F5D /* Default.png in Resources */,
				D6FF19C21FD534D800796402 /* button.png in Resources */,
				521A8E6419F0C34300D177D7 /* Default-667h@2x.png in Resources */,
				46880B7B19C43A67006E1F66 /* CloseNormal.png in Resources */,
				50EF629717ECD46A001EB2F8 /* Icon-58.png in Resources */,
			);
			runOnlyForDeploymentPostprocessing = 0;
		};
		5087E74817EB910900C73F5D /* Resources */ = {
			isa = PBXResourcesBuildPhase;
			buildActionMask = 2147483647;
			files = (
				D6FF19CC1FD535C000796402 /* arial.ttf in Resources */,
				D6FF19CD1FD535C000796402 /* button.png in Resources */,
				D6FF19CE1FD535C000796402 /* buttonHighlighted.png in Resources */,
				D6FF19CF1FD535C000796402 /* check_box_active_disable.png in Resources */,
				D6FF19D01FD535C000796402 /* check_box_active_press.png in Resources */,
				D6FF19D11FD535C000796402 /* check_box_active.png in Resources */,
				D6FF19D21FD535C000796402 /* check_box_normal_disable.png in Resources */,
				D6FF19D31FD535C000796402 /* check_box_normal_press.png in Resources */,
				D6FF19D41FD535C000796402 /* check_box_normal.png in Resources */,
				D6FF19D51FD535C000796402 /* edit_back.png in Resources */,
				46880B8219C43A67006E1F66 /* HelloWorld.png in Resources */,
				503AE0F817EB97AB00D1A890 /* Icon.icns in Resources */,
				46880B7C19C43A67006E1F66 /* CloseNormal.png in Resources */,
				46880B7E19C43A67006E1F66 /* CloseSelected.png in Resources */,
			);
			runOnlyForDeploymentPostprocessing = 0;
		};
		D657138E1FD642A800D7E9AC /* Resources */ = {
			isa = PBXResourcesBuildPhase;
			buildActionMask = 2147483647;
			files = (
			);
			runOnlyForDeploymentPostprocessing = 0;
		};
		D65713A41FD6526F00D7E9AC /* Resources */ = {
			isa = PBXResourcesBuildPhase;
			buildActionMask = 2147483647;
			files = (
			);
			runOnlyForDeploymentPostprocessing = 0;
		};
/* End PBXResourcesBuildPhase section */

/* Begin PBXSourcesBuildPhase section */
		1D60588E0D05DD3D006BFB54 /* Sources */ = {
			isa = PBXSourcesBuildPhase;
			buildActionMask = 2147483647;
			files = (
				D6FF19921FD52B4E00796402 /* funapi_transport.cpp in Sources */,
				D6FF198E1FD52B4E00796402 /* funapi_multicasting.cpp in Sources */,
				D6FF19951FD52B4E00796402 /* fun_message.pb.cc in Sources */,
				D6FF19941FD52B4E00796402 /* maintenance_message.pb.cc in Sources */,
				D6FF19931FD52B4E00796402 /* funapi_utils.cpp in Sources */,
				D6FF19991FD52B4E00796402 /* FunapiTestScene.cpp in Sources */,
				D6FF19981FD52B4E00796402 /* redirect_message.pb.cc in Sources */,
				46880B8819C43A87006E1F66 /* AppDelegate.cpp in Sources */,
				D6FF19961FD52B4E00796402 /* ping_message.pb.cc in Sources */,
				503AE10017EB989F00D1A890 /* AppController.mm in Sources */,
				D6FF19901FD52B4E00796402 /* funapi_socket.cpp in Sources */,
				D60587871FD7C54800D372B4 /* test_dedicated_server_rpc_messages.pb.cc in Sources */,
				D6FF199A1FD52B4E00796402 /* test_messages.pb.cc in Sources */,
				D6FF198D1FD52B4E00796402 /* funapi_http.cpp in Sources */,
				D6FF198A1FD52B4E00796402 /* funapi_announcement.cpp in Sources */,
				D6FF198F1FD52B4E00796402 /* funapi_session.cpp in Sources */,
				D60587841FD7BDC800D372B4 /* fun_dedicated_server_rpc_message.pb.cc in Sources */,
				503AE10217EB989F00D1A890 /* RootViewController.mm in Sources */,
				D6FF19971FD52B4E00796402 /* multicast_message.pb.cc in Sources */,
				503AE10117EB989F00D1A890 /* main.m in Sources */,
				D6FF19911FD52B4E00796402 /* funapi_tasks.cpp in Sources */,
				D6FF198C1FD52B4E00796402 /* funapi_encryption.cpp in Sources */,
				D60587801FD7BC5600D372B4 /* funapi_rpc.cpp in Sources */,
				D6FF198B1FD52B4E00796402 /* funapi_downloader.cpp in Sources */,
			);
			runOnlyForDeploymentPostprocessing = 0;
		};
		5087E75617EB910900C73F5D /* Sources */ = {
			isa = PBXSourcesBuildPhase;
			buildActionMask = 2147483647;
			files = (
				D6FF19B11FD534A700796402 /* redirect_message.pb.cc in Sources */,
				D6FF19AA1FD5323300796402 /* funapi_transport.cpp in Sources */,
				D6FF19B41FD534BD00796402 /* maintenance_message.pb.cc in Sources */,
				D6FF19B31FD534B800796402 /* fun_message.pb.cc in Sources */,
				D6FF19A61FD5322400796402 /* funapi_multicasting.cpp in Sources */,
				D60587891FD7C56800D372B4 /* fun_dedicated_server_rpc_message.pb.cc in Sources */,
				D6FF19AB1FD5323600796402 /* funapi_utils.cpp in Sources */,
				D6FF19A01FD5320900796402 /* FunapiTestScene.cpp in Sources */,
				46880B8919C43A87006E1F66 /* AppDelegate.cpp in Sources */,
				D6FF19B21FD534B400796402 /* ping_message.pb.cc in Sources */,
				D6FF19A81FD5322C00796402 /* funapi_socket.cpp in Sources */,
				D6FF19A51FD5322100796402 /* funapi_http.cpp in Sources */,
				D60587881FD7C56100D372B4 /* test_dedicated_server_rpc_messages.pb.cc in Sources */,
				D6FF19B01FD534A300796402 /* multicast_message.pb.cc in Sources */,
				D6FF19A21FD5321300796402 /* funapi_announcement.cpp in Sources */,
				D6FF19A71FD5322800796402 /* funapi_session.cpp in Sources */,
				D6FF19A11FD5320D00796402 /* test_messages.pb.cc in Sources */,
				503AE10517EB98FF00D1A890 /* main.cpp in Sources */,
				D6FF19A91FD5323000796402 /* funapi_tasks.cpp in Sources */,
				D6FF19A41FD5321C00796402 /* funapi_encryption.cpp in Sources */,
				D605878A1FD7C57500D372B4 /* funapi_rpc.cpp in Sources */,
				D6FF19A31FD5321800796402 /* funapi_downloader.cpp in Sources */,
			);
			runOnlyForDeploymentPostprocessing = 0;
		};
		D657138C1FD642A800D7E9AC /* Sources */ = {
			isa = PBXSourcesBuildPhase;
			buildActionMask = 2147483647;
			files = (
				D657139D1FD642E300D7E9AC /* funapi_plugin_cocos2dx_Tests.mm in Sources */,
				D657139F1FD642E300D7E9AC /* funapi_plugin_cocos2dx_disableTests.mm in Sources */,
				D657139E1FD642E300D7E9AC /* funapi_plugin_cocos2dx_inhouseTests.mm in Sources */,
			);
			runOnlyForDeploymentPostprocessing = 0;
		};
		D65713A21FD6526F00D7E9AC /* Sources */ = {
			isa = PBXSourcesBuildPhase;
			buildActionMask = 2147483647;
			files = (
				D65713B21FD6529500D7E9AC /* funapi_plugin_cocos2dx_inhouseTests.mm in Sources */,
				D65713B11FD6529100D7E9AC /* funapi_plugin_cocos2dx_disableTests.mm in Sources */,
				D65713B31FD6529800D7E9AC /* funapi_plugin_cocos2dx_Tests.mm in Sources */,
			);
			runOnlyForDeploymentPostprocessing = 0;
		};
/* End PBXSourcesBuildPhase section */

/* Begin PBXTargetDependency section */
		1AC6FB16180E9959004C840B /* PBXTargetDependency */ = {
			isa = PBXTargetDependency;
			name = "cocos2dx Mac";
			targetProxy = 1AC6FB15180E9959004C840B /* PBXContainerItemProxy */;
		};
		1AC6FB25180E99E1004C840B /* PBXTargetDependency */ = {
			isa = PBXTargetDependency;
			name = "cocos2dx iOS";
			targetProxy = 1AC6FB24180E99E1004C840B /* PBXContainerItemProxy */;
		};
		D65713961FD642A800D7E9AC /* PBXTargetDependency */ = {
			isa = PBXTargetDependency;
			target = 5087E73D17EB910900C73F5D /* funapi-plugin-cocos2dx-desktop */;
			targetProxy = D65713951FD642A800D7E9AC /* PBXContainerItemProxy */;
		};
		D65713AC1FD6526F00D7E9AC /* PBXTargetDependency */ = {
			isa = PBXTargetDependency;
			target = 1D6058900D05DD3D006BFB54 /* funapi-plugin-cocos2dx-mobile */;
			targetProxy = D65713AB1FD6526F00D7E9AC /* PBXContainerItemProxy */;
		};
/* End PBXTargetDependency section */

/* Begin XCBuildConfiguration section */
		1D6058940D05DD3E006BFB54 /* Debug */ = {
			isa = XCBuildConfiguration;
			buildSettings = {
				ALWAYS_SEARCH_USER_PATHS = YES;
				CODE_SIGN_IDENTITY = "iPhone Developer";
				COMPRESS_PNG_FILES = NO;
				DEVELOPMENT_TEAM = C73SP65XNZ;
				ENABLE_BITCODE = NO;
				GCC_DYNAMIC_NO_PIC = NO;
				GCC_INLINES_ARE_PRIVATE_EXTERN = NO;
				GCC_PRECOMPILE_PREFIX_HEADER = YES;
				GCC_PREFIX_HEADER = ios/Prefix.pch;
				GCC_PREPROCESSOR_DEFINITIONS = (
					USE_FILE32API,
					"COCOS2D_DEBUG=1",
					"CC_ENABLE_CHIPMUNK_INTEGRATION=1",
				);
				GCC_SYMBOLS_PRIVATE_EXTERN = NO;
				HEADER_SEARCH_PATHS = (
					"$(inherited)",
					"$(PROJECT_DIR)/../Classes",
					"$(PROJECT_DIR)/mac/libprotobuf/include",
					"$(PROJECT_DIR)/mac/libsodium/include",
					"$(PROJECT_DIR)/../cocos2d/external/curl/include/ios",
					"$(PROJECT_DIR)/../cocos2d/external/openssl/include/ios",
				);
				INFOPLIST_FILE = ios/Info.plist;
				IPHONEOS_DEPLOYMENT_TARGET = 8.0;
				LIBRARY_SEARCH_PATHS = (
					"$(PROJECT_DIR)/ios/libprotobuf/lib",
					"$(PROJECT_DIR)/ios/libsodium/lib",
				);
				OTHER_LDFLAGS = (
					"$(_COCOS_LIB_IOS_BEGIN)",
					"$(_COCOS_LIB_IOS_END)",
				);
				PRODUCT_BUNDLE_IDENTIFIER = com.ifunfactory.plugin.cocos2dx;
				SDKROOT = iphoneos;
				STRIP_PNG_TEXT = NO;
				TARGETED_DEVICE_FAMILY = "1,2";
				USER_HEADER_SEARCH_PATHS = "$(_COCOS_HEADER_IOS_BEGIN) $(_COCOS_HEADER_IOS_END)";
				VALID_ARCHS = "arm64 armv7";
			};
			name = Debug;
		};
		1D6058950D05DD3E006BFB54 /* Release */ = {
			isa = XCBuildConfiguration;
			buildSettings = {
				ALWAYS_SEARCH_USER_PATHS = YES;
				CODE_SIGN_IDENTITY = "iPhone Developer";
				COMPRESS_PNG_FILES = NO;
				DEVELOPMENT_TEAM = C73SP65XNZ;
				ENABLE_BITCODE = NO;
				GCC_INLINES_ARE_PRIVATE_EXTERN = NO;
				GCC_PRECOMPILE_PREFIX_HEADER = YES;
				GCC_PREFIX_HEADER = ios/Prefix.pch;
				GCC_PREPROCESSOR_DEFINITIONS = (
					USE_FILE32API,
					"CC_ENABLE_CHIPMUNK_INTEGRATION=1",
					NDEBUG,
				);
				GCC_SYMBOLS_PRIVATE_EXTERN = NO;
				HEADER_SEARCH_PATHS = (
					"$(inherited)",
					"$(PROJECT_DIR)/../Classes",
					"$(PROJECT_DIR)/mac/libprotobuf/include",
					"$(PROJECT_DIR)/mac/libsodium/include",
					"$(PROJECT_DIR)/../cocos2d/external/curl/include/ios",
					"$(PROJECT_DIR)/../cocos2d/external/openssl/include/ios",
				);
				INFOPLIST_FILE = ios/Info.plist;
				IPHONEOS_DEPLOYMENT_TARGET = 8.0;
				LIBRARY_SEARCH_PATHS = (
					"$(PROJECT_DIR)/ios/libprotobuf/lib",
					"$(PROJECT_DIR)/ios/libsodium/lib",
				);
				OTHER_LDFLAGS = (
					"$(_COCOS_LIB_IOS_BEGIN)",
					"$(_COCOS_LIB_IOS_END)",
				);
				PRODUCT_BUNDLE_IDENTIFIER = com.ifunfactory.plugin.cocos2dx;
				SDKROOT = iphoneos;
				STRIP_PNG_TEXT = NO;
				TARGETED_DEVICE_FAMILY = "1,2";
				USER_HEADER_SEARCH_PATHS = "$(_COCOS_HEADER_IOS_BEGIN) $(_COCOS_HEADER_IOS_END)";
				VALID_ARCHS = "arm64 armv7";
			};
			name = Release;
		};
		5087E76D17EB910900C73F5D /* Debug */ = {
			isa = XCBuildConfiguration;
			buildSettings = {
				ALWAYS_SEARCH_USER_PATHS = YES;
				CLANG_CXX_LANGUAGE_STANDARD = "c++0x";
				CLANG_CXX_LIBRARY = "libc++";
				GCC_DYNAMIC_NO_PIC = NO;
				GCC_INLINES_ARE_PRIVATE_EXTERN = NO;
				GCC_PRECOMPILE_PREFIX_HEADER = YES;
				GCC_PREFIX_HEADER = mac/Prefix.pch;
				GCC_PREPROCESSOR_DEFINITIONS = (
					USE_FILE32API,
					"COCOS2D_DEBUG=1",
					"CC_ENABLE_CHIPMUNK_INTEGRATION=1",
				);
				GCC_SYMBOLS_PRIVATE_EXTERN = NO;
				HEADER_SEARCH_PATHS = (
					"$(inherited)",
					"$(PROJECT_DIR)/../cocos2d/external/glfw3/include/mac",
					"$(PROJECT_DIR)/../Classes",
					"$(PROJECT_DIR)/mac/libprotobuf/include",
					"$(PROJECT_DIR)/mac/libsodium/include",
					"$(PROJECT_DIR)/../cocos2d/external/openssl/include/ios",
				);
				INFOPLIST_FILE = mac/Info.plist;
				LIBRARY_SEARCH_PATHS = (
					"$(PROJECT_DIR)/mac/libprotobuf/lib",
					"$(PROJECT_DIR)/mac/libsodium/lib",
				);
				OTHER_LDFLAGS = (
					"$(_COCOS_LIB_MAC_BEGIN)",
					"$(_COCOS_LIB_MAC_END)",
				);
				PRODUCT_BUNDLE_IDENTIFIER = com.ifunfactory.plugin.cocos2dx;
				USER_HEADER_SEARCH_PATHS = "$(_COCOS_HEADER_MAC_BEGIN) $(_COCOS_HEADER_MAC_END)";
			};
			name = Debug;
		};
		5087E76E17EB910900C73F5D /* Release */ = {
			isa = XCBuildConfiguration;
			buildSettings = {
				ALWAYS_SEARCH_USER_PATHS = YES;
				CLANG_CXX_LANGUAGE_STANDARD = "c++0x";
				CLANG_CXX_LIBRARY = "libc++";
				GCC_INLINES_ARE_PRIVATE_EXTERN = NO;
				GCC_PRECOMPILE_PREFIX_HEADER = YES;
				GCC_PREFIX_HEADER = mac/Prefix.pch;
				GCC_PREPROCESSOR_DEFINITIONS = (
					USE_FILE32API,
					"CC_ENABLE_CHIPMUNK_INTEGRATION=1",
					NDEBUG,
				);
				GCC_SYMBOLS_PRIVATE_EXTERN = NO;
				HEADER_SEARCH_PATHS = (
					"$(inherited)",
					"$(PROJECT_DIR)/../cocos2d/external/glfw3/include/mac",
					"$(PROJECT_DIR)/../Classes",
					"$(PROJECT_DIR)/mac/libprotobuf/include",
					"$(PROJECT_DIR)/mac/libsodium/include",
					"$(PROJECT_DIR)/../cocos2d/external/openssl/include/ios",
				);
				INFOPLIST_FILE = mac/Info.plist;
				LIBRARY_SEARCH_PATHS = (
					"$(PROJECT_DIR)/mac/libprotobuf/lib",
					"$(PROJECT_DIR)/mac/libsodium/lib",
				);
				OTHER_LDFLAGS = (
					"$(_COCOS_LIB_MAC_BEGIN)",
					"$(_COCOS_LIB_MAC_END)",
				);
				PRODUCT_BUNDLE_IDENTIFIER = com.ifunfactory.plugin.cocos2dx;
				USER_HEADER_SEARCH_PATHS = "$(_COCOS_HEADER_MAC_BEGIN) $(_COCOS_HEADER_MAC_END)";
			};
			name = Release;
		};
		C01FCF4F08A954540054247B /* Debug */ = {
			isa = XCBuildConfiguration;
			buildSettings = {
				CLANG_ANALYZER_LOCALIZABILITY_NONLOCALIZED = YES;
				CLANG_CXX_LANGUAGE_STANDARD = "c++0x";
				CLANG_CXX_LIBRARY = "libc++";
				CLANG_WARN_BLOCK_CAPTURE_AUTORELEASING = YES;
				CLANG_WARN_BOOL_CONVERSION = YES;
				CLANG_WARN_COMMA = YES;
				CLANG_WARN_CONSTANT_CONVERSION = YES;
				CLANG_WARN_EMPTY_BODY = YES;
				CLANG_WARN_ENUM_CONVERSION = YES;
				CLANG_WARN_INFINITE_RECURSION = YES;
				CLANG_WARN_INT_CONVERSION = YES;
				CLANG_WARN_NON_LITERAL_NULL_CONVERSION = YES;
				CLANG_WARN_OBJC_LITERAL_CONVERSION = YES;
				CLANG_WARN_RANGE_LOOP_ANALYSIS = YES;
				CLANG_WARN_STRICT_PROTOTYPES = YES;
				CLANG_WARN_SUSPICIOUS_MOVE = YES;
				CLANG_WARN_UNREACHABLE_CODE = YES;
				CLANG_WARN__DUPLICATE_METHOD_MATCH = YES;
				COPY_PHASE_STRIP = NO;
				ENABLE_STRICT_OBJC_MSGSEND = YES;
				ENABLE_TESTABILITY = YES;
				GCC_NO_COMMON_BLOCKS = YES;
				GCC_OPTIMIZATION_LEVEL = 0;
				GCC_WARN_64_TO_32_BIT_CONVERSION = YES;
				GCC_WARN_ABOUT_RETURN_TYPE = YES;
				GCC_WARN_UNDECLARED_SELECTOR = YES;
				GCC_WARN_UNINITIALIZED_AUTOS = YES;
				GCC_WARN_UNUSED_FUNCTION = YES;
				GCC_WARN_UNUSED_VARIABLE = YES;
				HEADER_SEARCH_PATHS = (
					"$(SRCROOT)/../cocos2d",
					"$(SRCROOT)/../cocos2d/cocos/audio/include",
					"$(SRCROOT)/../cocos2d/cocos",
					"$(SRCROOT)/../cocos2d/extensions",
					"$(SRCROOT)/../cocos2d/external",
					"$(SRCROOT)/../cocos2d/external/chipmunk/include/chipmunk",
					"$(SRCROOT)/../cocos2d/cocos/editor-support",
				);
				IPHONEOS_DEPLOYMENT_TARGET = 8.0;
				MACOSX_DEPLOYMENT_TARGET = 10.7;
				ONLY_ACTIVE_ARCH = YES;
				PRODUCT_NAME = "$(TARGET_NAME)";
				SDKROOT = macosx;
			};
			name = Debug;
		};
		C01FCF5008A954540054247B /* Release */ = {
			isa = XCBuildConfiguration;
			buildSettings = {
				CLANG_ANALYZER_LOCALIZABILITY_NONLOCALIZED = YES;
				CLANG_CXX_LANGUAGE_STANDARD = "c++0x";
				CLANG_CXX_LIBRARY = "libc++";
				CLANG_WARN_BLOCK_CAPTURE_AUTORELEASING = YES;
				CLANG_WARN_BOOL_CONVERSION = YES;
				CLANG_WARN_COMMA = YES;
				CLANG_WARN_CONSTANT_CONVERSION = YES;
				CLANG_WARN_EMPTY_BODY = YES;
				CLANG_WARN_ENUM_CONVERSION = YES;
				CLANG_WARN_INFINITE_RECURSION = YES;
				CLANG_WARN_INT_CONVERSION = YES;
				CLANG_WARN_NON_LITERAL_NULL_CONVERSION = YES;
				CLANG_WARN_OBJC_LITERAL_CONVERSION = YES;
				CLANG_WARN_RANGE_LOOP_ANALYSIS = YES;
				CLANG_WARN_STRICT_PROTOTYPES = YES;
				CLANG_WARN_SUSPICIOUS_MOVE = YES;
				CLANG_WARN_UNREACHABLE_CODE = YES;
				CLANG_WARN__DUPLICATE_METHOD_MATCH = YES;
				ENABLE_STRICT_OBJC_MSGSEND = YES;
				GCC_NO_COMMON_BLOCKS = YES;
				GCC_WARN_64_TO_32_BIT_CONVERSION = YES;
				GCC_WARN_ABOUT_RETURN_TYPE = YES;
				GCC_WARN_UNDECLARED_SELECTOR = YES;
				GCC_WARN_UNINITIALIZED_AUTOS = YES;
				GCC_WARN_UNUSED_FUNCTION = YES;
				GCC_WARN_UNUSED_VARIABLE = YES;
				HEADER_SEARCH_PATHS = (
					"$(SRCROOT)/../cocos2d",
					"$(SRCROOT)/../cocos2d/cocos/audio/include",
					"$(SRCROOT)/../cocos2d/cocos",
					"$(SRCROOT)/../cocos2d/extensions",
					"$(SRCROOT)/../cocos2d/external",
					"$(SRCROOT)/../cocos2d/external/chipmunk/include/chipmunk",
					"$(SRCROOT)/../cocos2d/cocos/editor-support",
				);
				IPHONEOS_DEPLOYMENT_TARGET = 8.0;
				MACOSX_DEPLOYMENT_TARGET = 10.7;
				OTHER_CFLAGS = "-DNS_BLOCK_ASSERTIONS=1";
				PRODUCT_NAME = "$(TARGET_NAME)";
				SDKROOT = macosx;
				VALIDATE_PRODUCT = YES;
			};
			name = Release;
		};
		D65713981FD642A800D7E9AC /* Debug */ = {
			isa = XCBuildConfiguration;
			buildSettings = {
				ALWAYS_SEARCH_USER_PATHS = NO;
				BUNDLE_LOADER = "$(TEST_HOST)";
				CLANG_ANALYZER_NONNULL = YES;
				CLANG_ANALYZER_NUMBER_OBJECT_CONVERSION = YES_AGGRESSIVE;
				CLANG_CXX_LANGUAGE_STANDARD = "gnu++14";
				CLANG_ENABLE_MODULES = YES;
				CLANG_ENABLE_OBJC_ARC = YES;
				CLANG_WARN_DIRECT_OBJC_ISA_USAGE = YES_ERROR;
				CLANG_WARN_DOCUMENTATION_COMMENTS = YES;
				CLANG_WARN_OBJC_ROOT_CLASS = YES_ERROR;
				CLANG_WARN_UNGUARDED_AVAILABILITY = YES_AGGRESSIVE;
				CODE_SIGN_IDENTITY = "Mac Developer";
				CODE_SIGN_STYLE = Automatic;
				COMBINE_HIDPI_IMAGES = YES;
				DEBUG_INFORMATION_FORMAT = dwarf;
				DEVELOPMENT_TEAM = C73SP65XNZ;
				GCC_C_LANGUAGE_STANDARD = gnu11;
				GCC_DYNAMIC_NO_PIC = NO;
				GCC_PREPROCESSOR_DEFINITIONS = (
					"DEBUG=1",
					"$(inherited)",
				);
				GCC_WARN_ABOUT_RETURN_TYPE = YES_ERROR;
				GCC_WARN_UNINITIALIZED_AUTOS = YES_AGGRESSIVE;
				HEADER_SEARCH_PATHS = (
					"$(SRCROOT)/../cocos2d",
					"$(SRCROOT)/../cocos2d/cocos/audio/include",
					"$(SRCROOT)/../cocos2d/cocos",
					"$(SRCROOT)/../cocos2d/extensions",
					"$(SRCROOT)/../cocos2d/external",
					"$(SRCROOT)/../cocos2d/external/chipmunk/include/chipmunk",
					"$(SRCROOT)/../cocos2d/cocos/editor-support",
					"$(PROJECT_DIR)/../cocos2d/external/glfw3/include/mac",
					"$(PROJECT_DIR)/../Classes",
					"$(PROJECT_DIR)/mac/libsodium/include",
					"$(PROJECT_DIR)/mac/libprotobuf/include",
				);
				INFOPLIST_FILE = "funapi-plugin-cocos2dx-desktopTests/Info.plist";
				LD_RUNPATH_SEARCH_PATHS = "$(inherited) @executable_path/../Frameworks @loader_path/../Frameworks";
				MACOSX_DEPLOYMENT_TARGET = 10.12;
				MTL_ENABLE_DEBUG_INFO = YES;
				PRODUCT_BUNDLE_IDENTIFIER = "com.ifunfactory.test.funapi-plugin-cocos2dx-desktopTests";
				PRODUCT_NAME = "$(TARGET_NAME)";
				TEST_HOST = "$(BUILT_PRODUCTS_DIR)/funapi-plugin-cocos2dx-desktop.app/Contents/MacOS/funapi-plugin-cocos2dx-desktop";
			};
			name = Debug;
		};
		D65713991FD642A800D7E9AC /* Release */ = {
			isa = XCBuildConfiguration;
			buildSettings = {
				ALWAYS_SEARCH_USER_PATHS = NO;
				BUNDLE_LOADER = "$(TEST_HOST)";
				CLANG_ANALYZER_NONNULL = YES;
				CLANG_ANALYZER_NUMBER_OBJECT_CONVERSION = YES_AGGRESSIVE;
				CLANG_CXX_LANGUAGE_STANDARD = "gnu++14";
				CLANG_ENABLE_MODULES = YES;
				CLANG_ENABLE_OBJC_ARC = YES;
				CLANG_WARN_DIRECT_OBJC_ISA_USAGE = YES_ERROR;
				CLANG_WARN_DOCUMENTATION_COMMENTS = YES;
				CLANG_WARN_OBJC_ROOT_CLASS = YES_ERROR;
				CLANG_WARN_UNGUARDED_AVAILABILITY = YES_AGGRESSIVE;
				CODE_SIGN_IDENTITY = "Mac Developer";
				CODE_SIGN_STYLE = Automatic;
				COMBINE_HIDPI_IMAGES = YES;
				COPY_PHASE_STRIP = NO;
				DEBUG_INFORMATION_FORMAT = "dwarf-with-dsym";
				DEVELOPMENT_TEAM = C73SP65XNZ;
				ENABLE_NS_ASSERTIONS = NO;
				GCC_C_LANGUAGE_STANDARD = gnu11;
				GCC_WARN_ABOUT_RETURN_TYPE = YES_ERROR;
				GCC_WARN_UNINITIALIZED_AUTOS = YES_AGGRESSIVE;
				HEADER_SEARCH_PATHS = (
					"$(SRCROOT)/../cocos2d",
					"$(SRCROOT)/../cocos2d/cocos/audio/include",
					"$(SRCROOT)/../cocos2d/cocos",
					"$(SRCROOT)/../cocos2d/extensions",
					"$(SRCROOT)/../cocos2d/external",
					"$(SRCROOT)/../cocos2d/external/chipmunk/include/chipmunk",
					"$(SRCROOT)/../cocos2d/cocos/editor-support",
					"$(PROJECT_DIR)/../cocos2d/external/glfw3/include/mac",
					"$(PROJECT_DIR)/../Classes",
					"$(PROJECT_DIR)/mac/libsodium/include",
					"$(PROJECT_DIR)/mac/libprotobuf/include",
				);
				INFOPLIST_FILE = "funapi-plugin-cocos2dx-desktopTests/Info.plist";
				LD_RUNPATH_SEARCH_PATHS = "$(inherited) @executable_path/../Frameworks @loader_path/../Frameworks";
				MACOSX_DEPLOYMENT_TARGET = 10.12;
				MTL_ENABLE_DEBUG_INFO = NO;
				PRODUCT_BUNDLE_IDENTIFIER = "com.ifunfactory.test.funapi-plugin-cocos2dx-desktopTests";
				PRODUCT_NAME = "$(TARGET_NAME)";
				TEST_HOST = "$(BUILT_PRODUCTS_DIR)/funapi-plugin-cocos2dx-desktop.app/Contents/MacOS/funapi-plugin-cocos2dx-desktop";
			};
			name = Release;
		};
		D65713AD1FD6526F00D7E9AC /* Debug */ = {
			isa = XCBuildConfiguration;
			buildSettings = {
				ALWAYS_SEARCH_USER_PATHS = NO;
				BUNDLE_LOADER = "$(TEST_HOST)";
				CLANG_ANALYZER_NONNULL = YES;
				CLANG_ANALYZER_NUMBER_OBJECT_CONVERSION = YES_AGGRESSIVE;
				CLANG_CXX_LANGUAGE_STANDARD = "gnu++14";
				CLANG_ENABLE_MODULES = YES;
				CLANG_ENABLE_OBJC_ARC = YES;
				CLANG_WARN_DIRECT_OBJC_ISA_USAGE = YES_ERROR;
				CLANG_WARN_DOCUMENTATION_COMMENTS = YES;
				CLANG_WARN_OBJC_ROOT_CLASS = YES_ERROR;
				CLANG_WARN_UNGUARDED_AVAILABILITY = YES_AGGRESSIVE;
				CODE_SIGN_IDENTITY = "iPhone Developer";
				CODE_SIGN_STYLE = Automatic;
				DEBUG_INFORMATION_FORMAT = dwarf;
				DEVELOPMENT_TEAM = C73SP65XNZ;
				GCC_C_LANGUAGE_STANDARD = gnu11;
				GCC_DYNAMIC_NO_PIC = NO;
				GCC_PREPROCESSOR_DEFINITIONS = (
					"DEBUG=1",
					"$(inherited)",
				);
				GCC_WARN_ABOUT_RETURN_TYPE = YES_ERROR;
				GCC_WARN_UNINITIALIZED_AUTOS = YES_AGGRESSIVE;
				HEADER_SEARCH_PATHS = (
					"$(SRCROOT)/../cocos2d",
					"$(SRCROOT)/../cocos2d/cocos/audio/include",
					"$(SRCROOT)/../cocos2d/cocos",
					"$(SRCROOT)/../cocos2d/extensions",
					"$(SRCROOT)/../cocos2d/external",
					"$(SRCROOT)/../cocos2d/external/chipmunk/include/chipmunk",
					"$(SRCROOT)/../cocos2d/cocos/editor-support",
					"$(PROJECT_DIR)/../Classes",
					"$(PROJECT_DIR)/mac/libprotobuf/include",
					"$(PROJECT_DIR)/mac/libsodium/include",
				);
				INFOPLIST_FILE = "funapi-plugin-cocos2dx-mobileTests/Info.plist";
				IPHONEOS_DEPLOYMENT_TARGET = 11.2;
				LD_RUNPATH_SEARCH_PATHS = "$(inherited) @executable_path/Frameworks @loader_path/Frameworks";
				MTL_ENABLE_DEBUG_INFO = YES;
				PRODUCT_BUNDLE_IDENTIFIER = "com.ifunfactory.test.funapi-plugin-cocos2dx-mobileTests";
				PRODUCT_NAME = "$(TARGET_NAME)";
				SDKROOT = iphoneos;
				TARGETED_DEVICE_FAMILY = "1,2";
				TEST_HOST = "$(BUILT_PRODUCTS_DIR)/funapi-plugin-cocos2dx-mobile.app/funapi-plugin-cocos2dx-mobile";
			};
			name = Debug;
		};
		D65713AE1FD6526F00D7E9AC /* Release */ = {
			isa = XCBuildConfiguration;
			buildSettings = {
				ALWAYS_SEARCH_USER_PATHS = NO;
				BUNDLE_LOADER = "$(TEST_HOST)";
				CLANG_ANALYZER_NONNULL = YES;
				CLANG_ANALYZER_NUMBER_OBJECT_CONVERSION = YES_AGGRESSIVE;
				CLANG_CXX_LANGUAGE_STANDARD = "gnu++14";
				CLANG_ENABLE_MODULES = YES;
				CLANG_ENABLE_OBJC_ARC = YES;
				CLANG_WARN_DIRECT_OBJC_ISA_USAGE = YES_ERROR;
				CLANG_WARN_DOCUMENTATION_COMMENTS = YES;
				CLANG_WARN_OBJC_ROOT_CLASS = YES_ERROR;
				CLANG_WARN_UNGUARDED_AVAILABILITY = YES_AGGRESSIVE;
				CODE_SIGN_IDENTITY = "iPhone Developer";
				CODE_SIGN_STYLE = Automatic;
				COPY_PHASE_STRIP = NO;
				DEBUG_INFORMATION_FORMAT = "dwarf-with-dsym";
				DEVELOPMENT_TEAM = C73SP65XNZ;
				ENABLE_NS_ASSERTIONS = NO;
				GCC_C_LANGUAGE_STANDARD = gnu11;
				GCC_WARN_ABOUT_RETURN_TYPE = YES_ERROR;
				GCC_WARN_UNINITIALIZED_AUTOS = YES_AGGRESSIVE;
				HEADER_SEARCH_PATHS = (
					"$(SRCROOT)/../cocos2d",
					"$(SRCROOT)/../cocos2d/cocos/audio/include",
					"$(SRCROOT)/../cocos2d/cocos",
					"$(SRCROOT)/../cocos2d/extensions",
					"$(SRCROOT)/../cocos2d/external",
					"$(SRCROOT)/../cocos2d/external/chipmunk/include/chipmunk",
					"$(SRCROOT)/../cocos2d/cocos/editor-support",
					"$(PROJECT_DIR)/../Classes",
					"$(PROJECT_DIR)/mac/libprotobuf/include",
					"$(PROJECT_DIR)/mac/libsodium/include",
				);
				INFOPLIST_FILE = "funapi-plugin-cocos2dx-mobileTests/Info.plist";
				IPHONEOS_DEPLOYMENT_TARGET = 11.2;
				LD_RUNPATH_SEARCH_PATHS = "$(inherited) @executable_path/Frameworks @loader_path/Frameworks";
				MTL_ENABLE_DEBUG_INFO = NO;
				PRODUCT_BUNDLE_IDENTIFIER = "com.ifunfactory.test.funapi-plugin-cocos2dx-mobileTests";
				PRODUCT_NAME = "$(TARGET_NAME)";
				SDKROOT = iphoneos;
				TARGETED_DEVICE_FAMILY = "1,2";
				TEST_HOST = "$(BUILT_PRODUCTS_DIR)/funapi-plugin-cocos2dx-mobile.app/funapi-plugin-cocos2dx-mobile";
			};
			name = Release;
		};
/* End XCBuildConfiguration section */

/* Begin XCConfigurationList section */
		1D6058960D05DD3E006BFB54 /* Build configuration list for PBXNativeTarget "funapi-plugin-cocos2dx-mobile" */ = {
			isa = XCConfigurationList;
			buildConfigurations = (
				1D6058940D05DD3E006BFB54 /* Debug */,
				1D6058950D05DD3E006BFB54 /* Release */,
			);
			defaultConfigurationIsVisible = 0;
			defaultConfigurationName = Debug;
		};
		5087E76C17EB910900C73F5D /* Build configuration list for PBXNativeTarget "funapi-plugin-cocos2dx-desktop" */ = {
			isa = XCConfigurationList;
			buildConfigurations = (
				5087E76D17EB910900C73F5D /* Debug */,
				5087E76E17EB910900C73F5D /* Release */,
			);
			defaultConfigurationIsVisible = 0;
			defaultConfigurationName = Debug;
		};
		C01FCF4E08A954540054247B /* Build configuration list for PBXProject "funapi-plugin-cocos2dx" */ = {
			isa = XCConfigurationList;
			buildConfigurations = (
				C01FCF4F08A954540054247B /* Debug */,
				C01FCF5008A954540054247B /* Release */,
			);
			defaultConfigurationIsVisible = 0;
			defaultConfigurationName = Debug;
		};
		D65713971FD642A800D7E9AC /* Build configuration list for PBXNativeTarget "funapi-plugin-cocos2dx-desktopTests" */ = {
			isa = XCConfigurationList;
			buildConfigurations = (
				D65713981FD642A800D7E9AC /* Debug */,
				D65713991FD642A800D7E9AC /* Release */,
			);
			defaultConfigurationIsVisible = 0;
			defaultConfigurationName = Debug;
		};
		D65713B01FD6526F00D7E9AC /* Build configuration list for PBXNativeTarget "funapi-plugin-cocos2dx-mobileTests" */ = {
			isa = XCConfigurationList;
			buildConfigurations = (
				D65713AD1FD6526F00D7E9AC /* Debug */,
				D65713AE1FD6526F00D7E9AC /* Release */,
			);
			defaultConfigurationIsVisible = 0;
			defaultConfigurationName = Debug;
		};
/* End XCConfigurationList section */
	};
	rootObject = 29B97313FDCFA39411CA2CEA /* Project object */;
}
