<?xml version="1.0" encoding="utf-8"?>
<Project ToolsVersion="4.0" xmlns="http://schemas.microsoft.com/developer/msbuild/2003">
  <ItemGroup>
    <Filter Include="win32">
      <UniqueIdentifier>{84a8ebd7-7cf0-47f6-b75e-d441df67da40}</UniqueIdentifier>
    </Filter>
    <Filter Include="resource">
      <UniqueIdentifier>{715254bc-d70b-4ec5-bf29-467dd3ace079}</UniqueIdentifier>
    </Filter>
    <Filter Include="src">
      <UniqueIdentifier>{bb6c862e-70e9-49d9-81b7-3829a6f50471}</UniqueIdentifier>
    </Filter>
    <Filter Include="src\funapi">
      <UniqueIdentifier>{ca658ada-cf6c-4436-bef2-60b89788f551}</UniqueIdentifier>
    </Filter>
    <Filter Include="src\funapi\management">
      <UniqueIdentifier>{b31bf54c-b7fc-4fb0-9b39-674c55d62de5}</UniqueIdentifier>
    </Filter>
    <Filter Include="src\funapi\network">
      <UniqueIdentifier>{474b70c9-bb98-4d42-90f2-752f2d989f11}</UniqueIdentifier>
    </Filter>
    <Filter Include="src\funapi\service">
      <UniqueIdentifier>{745aaf91-27a8-4da5-89aa-154da6a5a2b2}</UniqueIdentifier>
    </Filter>
    <Filter Include="src\funapi\md5">
      <UniqueIdentifier>{b43edf15-14d2-429b-8ebc-93179df4208c}</UniqueIdentifier>
    </Filter>
    <Filter Include="src\funapi\distribution">
      <UniqueIdentifier>{dd382435-2ba6-4ca0-a85c-236095ded8b7}</UniqueIdentifier>
    </Filter>
  </ItemGroup>
  <ItemGroup>
    <ClCompile Include="main.cpp">
      <Filter>win32</Filter>
    </ClCompile>
    <ClCompile Include="..\Classes\AppDelegate.cpp">
      <Filter>src</Filter>
    </ClCompile>
    <ClCompile Include="..\Classes\FunapiTestScene.cpp">
      <Filter>src</Filter>
    </ClCompile>
    <ClCompile Include="..\Classes\test_messages.pb.cc">
      <Filter>src</Filter>
    </ClCompile>
    <ClCompile Include="..\Classes\funapi\management\maintenance_message.pb.cc">
      <Filter>src\funapi\management</Filter>
    </ClCompile>
    <ClCompile Include="..\Classes\funapi\network\fun_message.pb.cc">
      <Filter>src\funapi\network</Filter>
    </ClCompile>
    <ClCompile Include="..\Classes\funapi\network\ping_message.pb.cc">
      <Filter>src\funapi\network</Filter>
    </ClCompile>
    <ClCompile Include="..\Classes\funapi\service\multicast_message.pb.cc">
      <Filter>src\funapi\service</Filter>
    </ClCompile>
    <ClCompile Include="..\Classes\funapi\service\redirect_message.pb.cc">
      <Filter>src\funapi\service</Filter>
    </ClCompile>
    <ClCompile Include="..\Classes\funapi\funapi_announcement.cpp">
      <Filter>src\funapi</Filter>
    </ClCompile>
    <ClCompile Include="..\Classes\funapi\funapi_downloader.cpp">
      <Filter>src\funapi</Filter>
    </ClCompile>
    <ClCompile Include="..\Classes\funapi\funapi_encryption.cpp">
      <Filter>src\funapi</Filter>
    </ClCompile>
    <ClCompile Include="..\Classes\funapi\funapi_http.cpp">
      <Filter>src\funapi</Filter>
    </ClCompile>
    <ClCompile Include="..\Classes\funapi\funapi_multicasting.cpp">
      <Filter>src\funapi</Filter>
    </ClCompile>
    <ClCompile Include="..\Classes\funapi\funapi_session.cpp">
      <Filter>src\funapi</Filter>
    </ClCompile>
    <ClCompile Include="..\Classes\funapi\funapi_socket.cpp">
      <Filter>src\funapi</Filter>
    </ClCompile>
    <ClCompile Include="..\Classes\funapi\funapi_tasks.cpp">
      <Filter>src\funapi</Filter>
    </ClCompile>
    <ClCompile Include="..\Classes\funapi\funapi_utils.cpp">
      <Filter>src\funapi</Filter>
    </ClCompile>
    <ClCompile Include="..\cocos2d\external\md5\md5.c">
      <Filter>src\funapi\md5</Filter>
    </ClCompile>
    <ClCompile Include="..\Classes\funapi\distribution\fun_dedicated_server_rpc_message.pb.cc">
      <Filter>src\funapi\distribution</Filter>
    </ClCompile>
    <ClCompile Include="..\Classes\funapi\funapi_rpc.cpp">
      <Filter>src\funapi</Filter>
    </ClCompile>
    <ClCompile Include="..\Classes\test_dedicated_server_rpc_messages.pb.cc">
      <Filter>src</Filter>
    </ClCompile>
    <ClCompile Include="..\Classes\funapi\funapi_websocket.cpp">
      <Filter>src\funapi</Filter>
    </ClCompile>
    <ClCompile Include="..\Classes\funapi\funapi_compression.cpp">
      <Filter>src\funapi</Filter>
    </ClCompile>
    <ClCompile Include="..\Classes\funapi\funapi_option.cpp">
      <Filter>src\funapi</Filter>
    </ClCompile>
  </ItemGroup>
  <ItemGroup>
    <ClInclude Include="main.h">
      <Filter>win32</Filter>
    </ClInclude>
    <ClInclude Include="..\Classes\AppDelegate.h">
      <Filter>src</Filter>
    </ClInclude>
    <ClInclude Include="..\Classes\FunapiTestScene.h">
      <Filter>src</Filter>
    </ClInclude>
    <ClInclude Include="..\Classes\funapi\funapi_plugin.h">
      <Filter>src\funapi</Filter>
    </ClInclude>
    <ClInclude Include="..\Classes\funapi\funapi_utils.h">
      <Filter>src\funapi</Filter>
    </ClInclude>
    <ClInclude Include="..\Classes\funapi\funapi_build_config.h">
      <Filter>src\funapi</Filter>
    </ClInclude>
    <ClInclude Include="..\Classes\funapi\funapi_multicasting.h">
      <Filter>src\funapi</Filter>
    </ClInclude>
    <ClInclude Include="..\Classes\funapi\funapi_encryption.h">
      <Filter>src\funapi</Filter>
    </ClInclude>
    <ClInclude Include="..\Classes\funapi\funapi_downloader.h">
      <Filter>src\funapi</Filter>
    </ClInclude>
    <ClInclude Include="..\Classes\test_messages.pb.h">
      <Filter>src</Filter>
    </ClInclude>
    <ClInclude Include="..\Classes\funapi\management\maintenance_message.pb.h">
      <Filter>src\funapi\management</Filter>
    </ClInclude>
    <ClInclude Include="..\Classes\funapi\network\fun_message.pb.h">
      <Filter>src\funapi\network</Filter>
    </ClInclude>
    <ClInclude Include="..\Classes\funapi\network\ping_message.pb.h">
      <Filter>src\funapi\network</Filter>
    </ClInclude>
    <ClInclude Include="..\Classes\funapi\service\multicast_message.pb.h">
      <Filter>src\funapi\service</Filter>
    </ClInclude>
    <ClInclude Include="..\Classes\funapi\funapi_session.h">
      <Filter>src\funapi</Filter>
    </ClInclude>
    <ClInclude Include="..\Classes\funapi\funapi_version.h">
      <Filter>src\funapi</Filter>
    </ClInclude>
    <ClInclude Include="..\Classes\funapi\funapi_tasks.h">
      <Filter>src\funapi</Filter>
    </ClInclude>
    <ClInclude Include="..\Classes\funapi\service\redirect_message.pb.h">
      <Filter>src\funapi\service</Filter>
    </ClInclude>
    <ClInclude Include="..\Classes\funapi\funapi_announcement.h">
      <Filter>src\funapi</Filter>
    </ClInclude>
    <ClInclude Include="..\Classes\funapi\funapi_http.h">
      <Filter>src\funapi</Filter>
    </ClInclude>
    <ClInclude Include="..\Classes\funapi\funapi_encryption_legacy.h">
      <Filter>src\funapi</Filter>
    </ClInclude>
    <ClInclude Include="..\Classes\funapi\funapi_socket.h">
      <Filter>src\funapi</Filter>
    </ClInclude>
    <ClInclude Include="..\Classes\funapi\distribution\fun_dedicated_server_rpc_message.pb.h">
      <Filter>src\funapi\distribution</Filter>
    </ClInclude>
    <ClInclude Include="..\Classes\funapi\funapi_rpc.h">
      <Filter>src\funapi</Filter>
    </ClInclude>
    <ClInclude Include="..\Classes\test_dedicated_server_rpc_messages.pb.h">
      <Filter>src</Filter>
    </ClInclude>
    <ClInclude Include="..\Classes\funapi\funapi_websocket.h">
      <Filter>src\funapi</Filter>
    </ClInclude>
    <ClInclude Include="..\Classes\funapi\funapi_compression.h">
      <Filter>src\funapi</Filter>
    </ClInclude>
    <ClInclude Include="..\Classes\funapi\funapi_option.h">
      <Filter>src\funapi</Filter>
    </ClInclude>
    <ClInclude Include="..\Classes\funapi\funapi_std_allocator.h">
      <Filter>src\funapi</Filter>
    </ClInclude>
  </ItemGroup>
  <ItemGroup>
    <ResourceCompile Include="game.rc">
      <Filter>resource</Filter>
    </ResourceCompile>
  </ItemGroup>
</Project>